PODS:
  - Alamofire (4.3.0)
  - FDSoundActivatedRecorder (2.1.0)
  - FDWaveformView (2.0.1)
  - MBProgressHUD (1.0.0)
  - TDBadgedCell (2.6)
  - YTBarButtonItemWithBadge (0.1.0)

DEPENDENCIES:
  - Alamofire (~> 4.0)
  - FDSoundActivatedRecorder
  - FDWaveformView
  - MBProgressHUD
  - TDBadgedCell (~> 2.0)
  - YTBarButtonItemWithBadge

SPEC REPOS:
  trunk:
    - Alamofire
    - FDSoundActivatedRecorder
    - FDWaveformView
    - MBProgressHUD
    - TDBadgedCell
    - YTBarButtonItemWithBadge

SPEC CHECKSUMS:
  Alamofire: 856a113053a7bc9cbe5d6367a555d773fc5cfef7
  FDSoundActivatedRecorder: c77d685758d56973c4eacfe561587269eca364d4
  FDWaveformView: df5b9bbc7ce8c69269eea50dc65964a49ff8826c
  MBProgressHUD: 4890f671c94e8a0f3cf959aa731e9de2f036d71a
  TDBadgedCell: 522ef0fe70221a031eff8d424f5d57379f652088
  YTBarButtonItemWithBadge: 8d0bd605132cbf39c93c2c30926a466b1c82498c

PODFILE CHECKSUM: d48bf1ca81d435090cdd356b41ac30804ca9603e

COCOAPODS: 1.8.3
