// !$*UTF8*$!
{
	archiveVersion = 1;
	classes = {
	};
	objectVersion = 46;
	objects = {

/* Begin PBXBuildFile section */
		771CED691764336000EE8A88 /* WebViewController.m in Sources */ = {isa = PBXBuildFile; fileRef = 771CED681764336000EE8A88 /* WebViewController.m */; };
		771CED981764C09F00EE8A88 /* resources.html in Resources */ = {isa = PBXBuildFile; fileRef = 771CED971764C09F00EE8A88 /* resources.html */; };
		772C822F151E26E500F255EF /* AVFoundation.framework in Frameworks */ = {isa = PBXBuildFile; fileRef = 772C822E151E26E500F255EF /* AVFoundation.framework */; settings = {ATTRIBUTES = (Required, ); }; };
		772C83B215BF6D1A00E63B9C /* LessonSet.m in Sources */ = {isa = PBXBuildFile; fileRef = 772C83B115BF6D1A00E63B9C /* LessonSet.m */; };
		773FEA66177E198A000AD650 /* Media.xcassets in Resources */ = {isa = PBXBuildFile; fileRef = 773FEA65177E198A000AD650 /* Media.xcassets */; };
		773FEA91177E1B5B000AD650 /* StoreKit.framework in Frameworks */ = {isa = PBXBuildFile; fileRef = 77BBB7641754DC4A0067787E /* StoreKit.framework */; };
		7749939715A0C409001DE784 /* NetworkManager.m in Sources */ = {isa = PBXBuildFile; fileRef = 7749939615A0C409001DE784 /* NetworkManager.m */; };
		774CDA1F15D080F100B14C45 /* message.png in Resources */ = {isa = PBXBuildFile; fileRef = 774CDA1B15D080F100B14C45 /* message.png */; };
		774CDA2015D080F100B14C45 /* message@2x.png in Resources */ = {isa = PBXBuildFile; fileRef = 774CDA1C15D080F100B14C45 /* message@2x.png */; };
		774CDA4215D0AEF800B14C45 /* SystemConfiguration.framework in Frameworks */ = {isa = PBXBuildFile; fileRef = 774CDA4115D0AEF800B14C45 /* SystemConfiguration.framework */; };
		774CDA4415D0AF0000B14C45 /* Security.framework in Frameworks */ = {isa = PBXBuildFile; fileRef = 774CDA4315D0AF0000B14C45 /* Security.framework */; };
		774CDA4615D0AF0C00B14C45 /* CFNetwork.framework in Frameworks */ = {isa = PBXBuildFile; fileRef = 774CDA4515D0AF0C00B14C45 /* CFNetwork.framework */; };
		774CDA4815D0AF1700B14C45 /* CoreLocation.framework in Frameworks */ = {isa = PBXBuildFile; fileRef = 774CDA4715D0AF1700B14C45 /* CoreLocation.framework */; };
		774CDA4A15D0AF1E00B14C45 /* Twitter.framework in Frameworks */ = {isa = PBXBuildFile; fileRef = 774CDA4915D0AF1E00B14C45 /* Twitter.framework */; settings = {ATTRIBUTES = (Weak, ); }; };
		774CDA4C15D0AF2E00B14C45 /* CoreFoundation.framework in Frameworks */ = {isa = PBXBuildFile; fileRef = 774CDA4B15D0AF2E00B14C45 /* CoreFoundation.framework */; settings = {ATTRIBUTES = (Weak, ); }; };
		7761D6A515E2E77E00975F1B /* practiceIcon.png in Resources */ = {isa = PBXBuildFile; fileRef = 7761D6A315E2E77E00975F1B /* practiceIcon.png */; };
		7761D6A615E2E77E00975F1B /* practiceIcon@2x.png in Resources */ = {isa = PBXBuildFile; fileRef = 7761D6A415E2E77E00975F1B /* practiceIcon@2x.png */; };
		776D2BDD16AB8C1E00EDB4DB /* Accounts.framework in Frameworks */ = {isa = PBXBuildFile; fileRef = 776D2BDC16AB8C1E00EDB4DB /* Accounts.framework */; };
		776D2BE016AB8D4F00EDB4DB /* AdSupport.framework in Frameworks */ = {isa = PBXBuildFile; fileRef = 776D2BDF16AB8D4F00EDB4DB /* AdSupport.framework */; };
		776D2BE216AB8D6900EDB4DB /* Social.framework in Frameworks */ = {isa = PBXBuildFile; fileRef = 776D2BE116AB8D6900EDB4DB /* Social.framework */; };
		776D2BE416AB8D9300EDB4DB /* MobileCoreServices.framework in Frameworks */ = {isa = PBXBuildFile; fileRef = 776D2BE316AB8D9300EDB4DB /* MobileCoreServices.framework */; };
		776D2BE616AB8DA500EDB4DB /* libsqlite3.dylib in Frameworks */ = {isa = PBXBuildFile; fileRef = 776D2BE516AB8DA500EDB4DB /* libsqlite3.dylib */; };
		777667C21569F41C0099996B /* AudioToolbox.framework in Frameworks */ = {isa = PBXBuildFile; fileRef = 777667C11569F41C0099996B /* AudioToolbox.framework */; };
		7798DE111619138C004EE464 /* flag.png in Resources */ = {isa = PBXBuildFile; fileRef = 7798DE0F1619138C004EE464 /* flag.png */; };
		7798DE121619138C004EE464 /* flag@2x.png in Resources */ = {isa = PBXBuildFile; fileRef = 7798DE101619138C004EE464 /* flag@2x.png */; };
		7798DE1E161A7314004EE464 /* none40.png in Resources */ = {isa = PBXBuildFile; fileRef = 7798DE1D161A7314004EE464 /* none40.png */; };
		779F86841586BBAC00EDD3BA /* 37x-Checkmark.png in Resources */ = {isa = PBXBuildFile; fileRef = 779F86821586BBAC00EDD3BA /* 37x-Checkmark.png */; };
		779F86851586BBAC00EDD3BA /* 37x-Checkmark@2x.png in Resources */ = {isa = PBXBuildFile; fileRef = 779F86831586BBAC00EDD3BA /* 37x-Checkmark@2x.png */; };
		779F86881586BFD500EDD3BA /* 37x-BigX@2x.png in Resources */ = {isa = PBXBuildFile; fileRef = 779F86861586BFD500EDD3BA /* 37x-BigX@2x.png */; };
		779F86891586BFD500EDD3BA /* 37x-BigX.png in Resources */ = {isa = PBXBuildFile; fileRef = 779F86871586BFD500EDD3BA /* 37x-BigX.png */; };
		77A1C27D151E6451006F2B69 /* QuartzCore.framework in Frameworks */ = {isa = PBXBuildFile; fileRef = 77A1C27C151E6451006F2B69 /* QuartzCore.framework */; };
		77A50BE0157C4E1B00027CB1 /* iphone_delete_button.png in Resources */ = {isa = PBXBuildFile; fileRef = 77A50BDF157C4E1B00027CB1 /* iphone_delete_button.png */; };
		77A50BE3157C59BE00027CB1 /* Checkbox checked.png in Resources */ = {isa = PBXBuildFile; fileRef = 77A50BE2157C59BE00027CB1 /* Checkbox checked.png */; };
		77A50BEA157EF1B800027CB1 /* Lesson.m in Sources */ = {isa = PBXBuildFile; fileRef = 77A50BE9157EF1B800027CB1 /* Lesson.m */; };
		77B51381151970B100F041D7 /* Foundation.framework in Frameworks */ = {isa = PBXBuildFile; fileRef = 77B51380151970B100F041D7 /* Foundation.framework */; };
		77B51383151970B100F041D7 /* CoreGraphics.framework in Frameworks */ = {isa = PBXBuildFile; fileRef = 77B51382151970B100F041D7 /* CoreGraphics.framework */; };
		77B5138B151970B100F041D7 /* main.m in Sources */ = {isa = PBXBuildFile; fileRef = 77B5138A151970B100F041D7 /* main.m */; };
		77B5138F151970B100F041D7 /* AppDelegate.m in Sources */ = {isa = PBXBuildFile; fileRef = 77B5138E151970B100F041D7 /* AppDelegate.m */; };
		77B51392151970B100F041D7 /* MainStoryboard.storyboard in Resources */ = {isa = PBXBuildFile; fileRef = 77B51390151970B100F041D7 /* MainStoryboard.storyboard */; };
		77B5139F151970B100F041D7 /* WordPracticeController.m in Sources */ = {isa = PBXBuildFile; fileRef = 77B5139E151970B100F041D7 /* WordPracticeController.m */; };
		77B771AA1569ADA600E0F012 /* MessageUI.framework in Frameworks */ = {isa = PBXBuildFile; fileRef = 77B771A91569ADA600E0F012 /* MessageUI.framework */; };
		77BBFDFB157BDC4500511CEC /* Languages.plist in Resources */ = {isa = PBXBuildFile; fileRef = 77BBFDFA157BDC4500511CEC /* Languages.plist */; };
		77BBFE0A157C0DB900511CEC /* LanguageSelectController.m in Sources */ = {isa = PBXBuildFile; fileRef = 77BBFE09157C0DB900511CEC /* LanguageSelectController.m */; };
		77BBFE0D157C11C900511CEC /* WordDetailController.m in Sources */ = {isa = PBXBuildFile; fileRef = 77BBFE0C157C11C900511CEC /* WordDetailController.m */; };
		77BBFE10157C189600511CEC /* Languages.m in Sources */ = {isa = PBXBuildFile; fileRef = 77BBFE0F157C189600511CEC /* Languages.m */; };
		77BBFE17157C3BF100511CEC /* Checkbox empty.png in Resources */ = {isa = PBXBuildFile; fileRef = 77BBFE15157C3BF100511CEC /* Checkbox empty.png */; };
		77C7042E16F52FF500C3A13A /* ProfileViewController.m in Sources */ = {isa = PBXBuildFile; fileRef = 77C7042D16F52FF400C3A13A /* ProfileViewController.m */; };
		77C7043316F533C200C3A13A /* checkin.png in Resources */ = {isa = PBXBuildFile; fileRef = 77C7043116F533C200C3A13A /* checkin.png */; };
		77C7043416F533C200C3A13A /* checkin@2x.png in Resources */ = {isa = PBXBuildFile; fileRef = 77C7043216F533C200C3A13A /* checkin@2x.png */; };
		77C7043716F5366000C3A13A /* camera.png in Resources */ = {isa = PBXBuildFile; fileRef = 77C7043516F5366000C3A13A /* camera.png */; };
		77C7043816F5366000C3A13A /* camera@2x.png in Resources */ = {isa = PBXBuildFile; fileRef = 77C7043616F5366000C3A13A /* camera@2x.png */; };
		77CB51E315683A6D00BBD4FC /* shuffle.png in Resources */ = {isa = PBXBuildFile; fileRef = 77CB51E215683A6D00BBD4FC /* shuffle.png */; };
		77D8AD0F157AB589001E2E25 /* social.png in Resources */ = {isa = PBXBuildFile; fileRef = 77D8AD0D157AB589001E2E25 /* social.png */; };
		77D8AD10157AB589001E2E25 /* social@2x.png in Resources */ = {isa = PBXBuildFile; fileRef = 77D8AD0E157AB589001E2E25 /* social@2x.png */; };
		77D8AD16157ABE53001E2E25 /* PHOREchoRecorder.m in Sources */ = {isa = PBXBuildFile; fileRef = 77D8AD14157ABE53001E2E25 /* PHOREchoRecorder.m */; };
		77D8AD1D157ABF1A001E2E25 /* microphone icon@2x.png in Resources */ = {isa = PBXBuildFile; fileRef = 77D8AD17157ABF1A001E2E25 /* microphone icon@2x.png */; };
		77D8AD1E157ABF1A001E2E25 /* microphone icon.png in Resources */ = {isa = PBXBuildFile; fileRef = 77D8AD18157ABF1A001E2E25 /* microphone icon.png */; };
		77D8AD1F157ABF1A001E2E25 /* speaker icon.png in Resources */ = {isa = PBXBuildFile; fileRef = 77D8AD19157ABF1A001E2E25 /* speaker icon.png */; };
		77D8AD20157ABF1A001E2E25 /* speaker icon@2x.png in Resources */ = {isa = PBXBuildFile; fileRef = 77D8AD1A157ABF1A001E2E25 /* speaker icon@2x.png */; };
		77D8AD21157ABF1A001E2E25 /* Ready to record.m4a in Resources */ = {isa = PBXBuildFile; fileRef = 77D8AD1B157ABF1A001E2E25 /* Ready to record.m4a */; };
		77D8AD22157ABF1A001E2E25 /* Record failed.m4a in Resources */ = {isa = PBXBuildFile; fileRef = 77D8AD1C157ABF1A001E2E25 /* Record failed.m4a */; };
		77D8AD24157ABF48001E2E25 /* CoreMedia.framework in Frameworks */ = {isa = PBXBuildFile; fileRef = 77D8AD23157ABF48001E2E25 /* CoreMedia.framework */; };
		77D8AD2F157AE373001E2E25 /* LessonViewController.m in Sources */ = {isa = PBXBuildFile; fileRef = 77D8AD2E157AE373001E2E25 /* LessonViewController.m */; };
		77E585131699104A00866A43 /* checkon.png in Resources */ = {isa = PBXBuildFile; fileRef = 77E5850F1699104A00866A43 /* checkon.png */; };
		77E585141699104A00866A43 /* checkon@2x.png in Resources */ = {isa = PBXBuildFile; fileRef = 77E585101699104A00866A43 /* checkon@2x.png */; };
		77E58517169910B200866A43 /* check.png in Resources */ = {isa = PBXBuildFile; fileRef = 77E58515169910B200866A43 /* check.png */; };
		77E58518169910B200866A43 /* check@2x.png in Resources */ = {isa = PBXBuildFile; fileRef = 77E58516169910B200866A43 /* check@2x.png */; };
		77E9BEF615CE037300BC567B /* like@2x.png in Resources */ = {isa = PBXBuildFile; fileRef = 77E9BEF215CE037300BC567B /* like@2x.png */; };
		77E9BEF715CE037300BC567B /* like.png in Resources */ = {isa = PBXBuildFile; fileRef = 77E9BEF315CE037300BC567B /* like.png */; };
		77EB10C41560ACF500C00842 /* Next.aif in Resources */ = {isa = PBXBuildFile; fileRef = 77EB10C31560ACF500C00842 /* Next.aif */; };
		77EC14C516C9B10700D5B4C0 /* DownloadLessonViewController.m in Sources */ = {isa = PBXBuildFile; fileRef = 77EC14C416C9B10700D5B4C0 /* DownloadLessonViewController.m */; };
		77ED9D2B16643D3F005D10ED /* MainViewController.m in Sources */ = {isa = PBXBuildFile; fileRef = 77ED9D2A16643D3F005D10ED /* MainViewController.m */; };
		77FB0F6D16E296440000D4F5 /* Profile.m in Sources */ = {isa = PBXBuildFile; fileRef = 77FB0F6C16E296440000D4F5 /* Profile.m */; };
		77FCACF71569E0910039ED77 /* F3BarGauge.m in Sources */ = {isa = PBXBuildFile; fileRef = 77FCACF61569E0900039ED77 /* F3BarGauge.m */; };
		C7991F84AEFB4058AD062485 /* libPods.a in Frameworks */ = {isa = PBXBuildFile; fileRef = F1BCA506CBE64FE7852ADA22 /* libPods.a */; };
		D90E42F81B8A351B00F1D5F1 /* GoogleService-Info.plist in Resources */ = {isa = PBXBuildFile; fileRef = D90E42F71B8A351B00F1D5F1 /* GoogleService-Info.plist */; };
		D916DE6418A43AFE00657805 /* FDRightDetailWithTextFieldCell.m in Sources */ = {isa = PBXBuildFile; fileRef = D916DE6318A43AFE00657805 /* FDRightDetailWithTextFieldCell.m */; };
		D936B11217EF76CD003A00BE /* CoreData.framework in Frameworks */ = {isa = PBXBuildFile; fileRef = D936B11117EF76CD003A00BE /* CoreData.framework */; };
		D936B11417EF76E6003A00BE /* libz.dylib in Frameworks */ = {isa = PBXBuildFile; fileRef = D936B11317EF76E6003A00BE /* libz.dylib */; };
		D93A898F1A1AB576001C2306 /* UIKit.framework in Frameworks */ = {isa = PBXBuildFile; fileRef = 77B5137E151970B100F041D7 /* UIKit.framework */; };
		D93F0BF31AB4A46000CAAC8C /* Launch Screen.xib in Resources */ = {isa = PBXBuildFile; fileRef = D93F0BF21AB4A46000CAAC8C /* Launch Screen.xib */; };
		D95C70E11C26720A00F74E66 /* Word.swift in Sources */ = {isa = PBXBuildFile; fileRef = D95C70E01C26720A00F74E66 /* Word.swift */; };
		D98786C51AC8C33B00C3686E /* up.png in Resources */ = {isa = PBXBuildFile; fileRef = D98786BF1AC8C33B00C3686E /* up.png */; };
		D98786C61AC8C33B00C3686E /* up@2x.png in Resources */ = {isa = PBXBuildFile; fileRef = D98786C01AC8C33B00C3686E /* up@2x.png */; };
		D98786C71AC8C33B00C3686E /* down@2x.png in Resources */ = {isa = PBXBuildFile; fileRef = D98786C11AC8C33B00C3686E /* down@2x.png */; };
		D98786C81AC8C33B00C3686E /* down.png in Resources */ = {isa = PBXBuildFile; fileRef = D98786C21AC8C33B00C3686E /* down.png */; };
		D98786C91AC8C33B00C3686E /* lesson@2x.png in Resources */ = {isa = PBXBuildFile; fileRef = D98786C31AC8C33B00C3686E /* lesson@2x.png */; };
		D98786CA1AC8C33B00C3686E /* lesson.png in Resources */ = {isa = PBXBuildFile; fileRef = D98786C41AC8C33B00C3686E /* lesson.png */; };
		D9EC6F4519D9010500B07301 /* Event.m in Sources */ = {isa = PBXBuildFile; fileRef = D9EC6F4419D9010500B07301 /* Event.m */; };
		D9F5C2191C2349B2003654D4 /* IntroViewController.swift in Sources */ = {isa = PBXBuildFile; fileRef = D9F5C2181C2349B2003654D4 /* IntroViewController.swift */; };
		D9F5C21B1C235F9A003654D4 /* Audio.swift in Sources */ = {isa = PBXBuildFile; fileRef = D9F5C21A1C235F9A003654D4 /* Audio.swift */; };
		D9FE11B11804B01F0000F135 /* libGoogleConversionTracking.a in Frameworks */ = {isa = PBXBuildFile; fileRef = D9FE11B01804B01F0000F135 /* libGoogleConversionTracking.a */; };
/* End PBXBuildFile section */

/* Begin PBXFileReference section */
		4BDFBED5E039232248E8582F /* Pods.release.xcconfig */ = {isa = PBXFileReference; includeInIndex = 1; lastKnownFileType = text.xcconfig; name = Pods.release.xcconfig; path = "Pods/Target Support Files/Pods/Pods.release.xcconfig"; sourceTree = "<group>"; };
		771CED671764336000EE8A88 /* WebViewController.h */ = {isa = PBXFileReference; fileEncoding = 4; lastKnownFileType = sourcecode.c.h; path = WebViewController.h; sourceTree = "<group>"; };
		771CED681764336000EE8A88 /* WebViewController.m */ = {isa = PBXFileReference; fileEncoding = 4; lastKnownFileType = sourcecode.c.objc; path = WebViewController.m; sourceTree = "<group>"; };
		771CED971764C09F00EE8A88 /* resources.html */ = {isa = PBXFileReference; fileEncoding = 4; lastKnownFileType = text.html; path = resources.html; sourceTree = "<group>"; };
		7721960F169E5F9200998B69 /* Base */ = {isa = PBXFileReference; lastKnownFileType = file.storyboard; name = Base; path = Base.lproj/MainStoryboard.storyboard; sourceTree = "<group>"; };
		772C822E151E26E500F255EF /* AVFoundation.framework */ = {isa = PBXFileReference; lastKnownFileType = wrapper.framework; name = AVFoundation.framework; path = System/Library/Frameworks/AVFoundation.framework; sourceTree = SDKROOT; };
		772C83B015BF6D1A00E63B9C /* LessonSet.h */ = {isa = PBXFileReference; fileEncoding = 4; lastKnownFileType = sourcecode.c.h; path = LessonSet.h; sourceTree = "<group>"; };
		772C83B115BF6D1A00E63B9C /* LessonSet.m */ = {isa = PBXFileReference; fileEncoding = 4; lastKnownFileType = sourcecode.c.objc; path = LessonSet.m; sourceTree = "<group>"; };
		773FEA65177E198A000AD650 /* Media.xcassets */ = {isa = PBXFileReference; lastKnownFileType = folder.assetcatalog; name = Media.xcassets; path = Echo/Media.xcassets; sourceTree = "<group>"; };
		7749939515A0C409001DE784 /* NetworkManager.h */ = {isa = PBXFileReference; fileEncoding = 4; lastKnownFileType = sourcecode.c.h; path = NetworkManager.h; sourceTree = "<group>"; };
		7749939615A0C409001DE784 /* NetworkManager.m */ = {isa = PBXFileReference; fileEncoding = 4; lastKnownFileType = sourcecode.c.objc; path = NetworkManager.m; sourceTree = "<group>"; };
		774CDA1B15D080F100B14C45 /* message.png */ = {isa = PBXFileReference; lastKnownFileType = image.png; path = message.png; sourceTree = "<group>"; };
		774CDA1C15D080F100B14C45 /* message@2x.png */ = {isa = PBXFileReference; lastKnownFileType = image.png; path = "message@2x.png"; sourceTree = "<group>"; };
		774CDA4115D0AEF800B14C45 /* SystemConfiguration.framework */ = {isa = PBXFileReference; lastKnownFileType = wrapper.framework; name = SystemConfiguration.framework; path = System/Library/Frameworks/SystemConfiguration.framework; sourceTree = SDKROOT; };
		774CDA4315D0AF0000B14C45 /* Security.framework */ = {isa = PBXFileReference; lastKnownFileType = wrapper.framework; name = Security.framework; path = System/Library/Frameworks/Security.framework; sourceTree = SDKROOT; };
		774CDA4515D0AF0C00B14C45 /* CFNetwork.framework */ = {isa = PBXFileReference; lastKnownFileType = wrapper.framework; name = CFNetwork.framework; path = System/Library/Frameworks/CFNetwork.framework; sourceTree = SDKROOT; };
		774CDA4715D0AF1700B14C45 /* CoreLocation.framework */ = {isa = PBXFileReference; lastKnownFileType = wrapper.framework; name = CoreLocation.framework; path = System/Library/Frameworks/CoreLocation.framework; sourceTree = SDKROOT; };
		774CDA4915D0AF1E00B14C45 /* Twitter.framework */ = {isa = PBXFileReference; lastKnownFileType = wrapper.framework; name = Twitter.framework; path = System/Library/Frameworks/Twitter.framework; sourceTree = SDKROOT; };
		774CDA4B15D0AF2E00B14C45 /* CoreFoundation.framework */ = {isa = PBXFileReference; lastKnownFileType = wrapper.framework; name = CoreFoundation.framework; path = System/Library/Frameworks/CoreFoundation.framework; sourceTree = SDKROOT; };
		7761D6A315E2E77E00975F1B /* practiceIcon.png */ = {isa = PBXFileReference; lastKnownFileType = image.png; path = practiceIcon.png; sourceTree = "<group>"; };
		7761D6A415E2E77E00975F1B /* practiceIcon@2x.png */ = {isa = PBXFileReference; lastKnownFileType = image.png; path = "practiceIcon@2x.png"; sourceTree = "<group>"; };
		776D2BDC16AB8C1E00EDB4DB /* Accounts.framework */ = {isa = PBXFileReference; lastKnownFileType = wrapper.framework; name = Accounts.framework; path = System/Library/Frameworks/Accounts.framework; sourceTree = SDKROOT; };
		776D2BDF16AB8D4F00EDB4DB /* AdSupport.framework */ = {isa = PBXFileReference; lastKnownFileType = wrapper.framework; name = AdSupport.framework; path = System/Library/Frameworks/AdSupport.framework; sourceTree = SDKROOT; };
		776D2BE116AB8D6900EDB4DB /* Social.framework */ = {isa = PBXFileReference; lastKnownFileType = wrapper.framework; name = Social.framework; path = System/Library/Frameworks/Social.framework; sourceTree = SDKROOT; };
		776D2BE316AB8D9300EDB4DB /* MobileCoreServices.framework */ = {isa = PBXFileReference; lastKnownFileType = wrapper.framework; name = MobileCoreServices.framework; path = System/Library/Frameworks/MobileCoreServices.framework; sourceTree = SDKROOT; };
		776D2BE516AB8DA500EDB4DB /* libsqlite3.dylib */ = {isa = PBXFileReference; lastKnownFileType = "compiled.mach-o.dylib"; name = libsqlite3.dylib; path = usr/lib/libsqlite3.dylib; sourceTree = SDKROOT; };
		777667C11569F41C0099996B /* AudioToolbox.framework */ = {isa = PBXFileReference; lastKnownFileType = wrapper.framework; name = AudioToolbox.framework; path = System/Library/Frameworks/AudioToolbox.framework; sourceTree = SDKROOT; };
		7798DE0F1619138C004EE464 /* flag.png */ = {isa = PBXFileReference; lastKnownFileType = image.png; path = flag.png; sourceTree = "<group>"; };
		7798DE101619138C004EE464 /* flag@2x.png */ = {isa = PBXFileReference; lastKnownFileType = image.png; path = "flag@2x.png"; sourceTree = "<group>"; };
		7798DE1D161A7314004EE464 /* none40.png */ = {isa = PBXFileReference; lastKnownFileType = image.png; path = none40.png; sourceTree = "<group>"; };
		779F86821586BBAC00EDD3BA /* 37x-Checkmark.png */ = {isa = PBXFileReference; lastKnownFileType = image.png; path = "37x-Checkmark.png"; sourceTree = "<group>"; };
		779F86831586BBAC00EDD3BA /* 37x-Checkmark@2x.png */ = {isa = PBXFileReference; lastKnownFileType = image.png; path = "37x-Checkmark@2x.png"; sourceTree = "<group>"; };
		779F86861586BFD500EDD3BA /* 37x-BigX@2x.png */ = {isa = PBXFileReference; lastKnownFileType = image.png; path = "37x-BigX@2x.png"; sourceTree = "<group>"; };
		779F86871586BFD500EDD3BA /* 37x-BigX.png */ = {isa = PBXFileReference; lastKnownFileType = image.png; path = "37x-BigX.png"; sourceTree = "<group>"; };
		77A1C27C151E6451006F2B69 /* QuartzCore.framework */ = {isa = PBXFileReference; lastKnownFileType = wrapper.framework; name = QuartzCore.framework; path = System/Library/Frameworks/QuartzCore.framework; sourceTree = SDKROOT; };
		77A50BDF157C4E1B00027CB1 /* iphone_delete_button.png */ = {isa = PBXFileReference; lastKnownFileType = image.png; path = iphone_delete_button.png; sourceTree = "<group>"; };
		77A50BE2157C59BE00027CB1 /* Checkbox checked.png */ = {isa = PBXFileReference; lastKnownFileType = image.png; path = "Checkbox checked.png"; sourceTree = "<group>"; };
		77A50BE8157EF1B800027CB1 /* Lesson.h */ = {isa = PBXFileReference; fileEncoding = 4; lastKnownFileType = sourcecode.c.h; path = Lesson.h; sourceTree = "<group>"; };
		77A50BE9157EF1B800027CB1 /* Lesson.m */ = {isa = PBXFileReference; fileEncoding = 4; lastKnownFileType = sourcecode.c.objc; path = Lesson.m; sourceTree = "<group>"; };
		77B5137A151970B100F041D7 /* Echo.app */ = {isa = PBXFileReference; explicitFileType = wrapper.application; includeInIndex = 0; path = Echo.app; sourceTree = BUILT_PRODUCTS_DIR; };
		77B5137E151970B100F041D7 /* UIKit.framework */ = {isa = PBXFileReference; lastKnownFileType = wrapper.framework; name = UIKit.framework; path = System/Library/Frameworks/UIKit.framework; sourceTree = SDKROOT; };
		77B51380151970B100F041D7 /* Foundation.framework */ = {isa = PBXFileReference; lastKnownFileType = wrapper.framework; name = Foundation.framework; path = System/Library/Frameworks/Foundation.framework; sourceTree = SDKROOT; };
		77B51382151970B100F041D7 /* CoreGraphics.framework */ = {isa = PBXFileReference; lastKnownFileType = wrapper.framework; name = CoreGraphics.framework; path = System/Library/Frameworks/CoreGraphics.framework; sourceTree = SDKROOT; };
		77B51386151970B100F041D7 /* Echo-Info.plist */ = {isa = PBXFileReference; lastKnownFileType = text.plist.xml; path = "Echo-Info.plist"; sourceTree = "<group>"; };
		77B51388151970B100F041D7 /* en */ = {isa = PBXFileReference; lastKnownFileType = text.plist.strings; name = en; path = en.lproj/InfoPlist.strings; sourceTree = "<group>"; };
		77B5138A151970B100F041D7 /* main.m */ = {isa = PBXFileReference; lastKnownFileType = sourcecode.c.objc; path = main.m; sourceTree = "<group>"; };
		77B5138C151970B100F041D7 /* Echo-Prefix.pch */ = {isa = PBXFileReference; lastKnownFileType = sourcecode.c.h; path = "Echo-Prefix.pch"; sourceTree = "<group>"; };
		77B5138D151970B100F041D7 /* AppDelegate.h */ = {isa = PBXFileReference; lastKnownFileType = sourcecode.c.h; path = AppDelegate.h; sourceTree = "<group>"; };
		77B5138E151970B100F041D7 /* AppDelegate.m */ = {isa = PBXFileReference; lastKnownFileType = sourcecode.c.objc; path = AppDelegate.m; sourceTree = "<group>"; };
		77B5139D151970B100F041D7 /* WordPracticeController.h */ = {isa = PBXFileReference; lastKnownFileType = sourcecode.c.h; path = WordPracticeController.h; sourceTree = "<group>"; };
		77B5139E151970B100F041D7 /* WordPracticeController.m */ = {isa = PBXFileReference; lastKnownFileType = sourcecode.c.objc; path = WordPracticeController.m; sourceTree = "<group>"; };
		77B771A91569ADA600E0F012 /* MessageUI.framework */ = {isa = PBXFileReference; lastKnownFileType = wrapper.framework; name = MessageUI.framework; path = System/Library/Frameworks/MessageUI.framework; sourceTree = SDKROOT; };
		77BBB7641754DC4A0067787E /* StoreKit.framework */ = {isa = PBXFileReference; lastKnownFileType = wrapper.framework; name = StoreKit.framework; path = System/Library/Frameworks/StoreKit.framework; sourceTree = SDKROOT; };
		77BBFDFA157BDC4500511CEC /* Languages.plist */ = {isa = PBXFileReference; fileEncoding = 4; lastKnownFileType = text.plist.xml; path = Languages.plist; sourceTree = "<group>"; };
		77BBFE08157C0DB900511CEC /* LanguageSelectController.h */ = {isa = PBXFileReference; fileEncoding = 4; lastKnownFileType = sourcecode.c.h; path = LanguageSelectController.h; sourceTree = "<group>"; };
		77BBFE09157C0DB900511CEC /* LanguageSelectController.m */ = {isa = PBXFileReference; fileEncoding = 4; lastKnownFileType = sourcecode.c.objc; path = LanguageSelectController.m; sourceTree = "<group>"; };
		77BBFE0B157C11C900511CEC /* WordDetailController.h */ = {isa = PBXFileReference; fileEncoding = 4; lastKnownFileType = sourcecode.c.h; path = WordDetailController.h; sourceTree = "<group>"; };
		77BBFE0C157C11C900511CEC /* WordDetailController.m */ = {isa = PBXFileReference; fileEncoding = 4; lastKnownFileType = sourcecode.c.objc; path = WordDetailController.m; sourceTree = "<group>"; };
		77BBFE0E157C189600511CEC /* Languages.h */ = {isa = PBXFileReference; fileEncoding = 4; lastKnownFileType = sourcecode.c.h; path = Languages.h; sourceTree = "<group>"; };
		77BBFE0F157C189600511CEC /* Languages.m */ = {isa = PBXFileReference; fileEncoding = 4; lastKnownFileType = sourcecode.c.objc; path = Languages.m; sourceTree = "<group>"; };
		77BBFE15157C3BF100511CEC /* Checkbox empty.png */ = {isa = PBXFileReference; lastKnownFileType = image.png; path = "Checkbox empty.png"; sourceTree = "<group>"; };
		77C7042C16F52FF400C3A13A /* ProfileViewController.h */ = {isa = PBXFileReference; fileEncoding = 4; lastKnownFileType = sourcecode.c.h; path = ProfileViewController.h; sourceTree = "<group>"; };
		77C7042D16F52FF400C3A13A /* ProfileViewController.m */ = {isa = PBXFileReference; fileEncoding = 4; lastKnownFileType = sourcecode.c.objc; path = ProfileViewController.m; sourceTree = "<group>"; };
		77C7043116F533C200C3A13A /* checkin.png */ = {isa = PBXFileReference; lastKnownFileType = image.png; path = checkin.png; sourceTree = "<group>"; };
		77C7043216F533C200C3A13A /* checkin@2x.png */ = {isa = PBXFileReference; lastKnownFileType = image.png; path = "checkin@2x.png"; sourceTree = "<group>"; };
		77C7043516F5366000C3A13A /* camera.png */ = {isa = PBXFileReference; lastKnownFileType = image.png; path = camera.png; sourceTree = "<group>"; };
		77C7043616F5366000C3A13A /* camera@2x.png */ = {isa = PBXFileReference; lastKnownFileType = image.png; path = "camera@2x.png"; sourceTree = "<group>"; };
		77CB51E215683A6D00BBD4FC /* shuffle.png */ = {isa = PBXFileReference; lastKnownFileType = image.png; path = shuffle.png; sourceTree = "<group>"; };
		77D8AD0D157AB589001E2E25 /* social.png */ = {isa = PBXFileReference; lastKnownFileType = image.png; path = social.png; sourceTree = "<group>"; };
		77D8AD0E157AB589001E2E25 /* social@2x.png */ = {isa = PBXFileReference; lastKnownFileType = image.png; path = "social@2x.png"; sourceTree = "<group>"; };
		77D8AD13157ABE53001E2E25 /* PHOREchoRecorder.h */ = {isa = PBXFileReference; fileEncoding = 4; lastKnownFileType = sourcecode.c.h; path = PHOREchoRecorder.h; sourceTree = "<group>"; };
		77D8AD14157ABE53001E2E25 /* PHOREchoRecorder.m */ = {isa = PBXFileReference; fileEncoding = 4; lastKnownFileType = sourcecode.c.objc; path = PHOREchoRecorder.m; sourceTree = "<group>"; };
		77D8AD17157ABF1A001E2E25 /* microphone icon@2x.png */ = {isa = PBXFileReference; lastKnownFileType = image.png; path = "microphone icon@2x.png"; sourceTree = "<group>"; };
		77D8AD18157ABF1A001E2E25 /* microphone icon.png */ = {isa = PBXFileReference; lastKnownFileType = image.png; path = "microphone icon.png"; sourceTree = "<group>"; };
		77D8AD19157ABF1A001E2E25 /* speaker icon.png */ = {isa = PBXFileReference; lastKnownFileType = image.png; path = "speaker icon.png"; sourceTree = "<group>"; };
		77D8AD1A157ABF1A001E2E25 /* speaker icon@2x.png */ = {isa = PBXFileReference; lastKnownFileType = image.png; path = "speaker icon@2x.png"; sourceTree = "<group>"; };
		77D8AD1B157ABF1A001E2E25 /* Ready to record.m4a */ = {isa = PBXFileReference; lastKnownFileType = file; path = "Ready to record.m4a"; sourceTree = "<group>"; };
		77D8AD1C157ABF1A001E2E25 /* Record failed.m4a */ = {isa = PBXFileReference; lastKnownFileType = file; path = "Record failed.m4a"; sourceTree = "<group>"; };
		77D8AD23157ABF48001E2E25 /* CoreMedia.framework */ = {isa = PBXFileReference; lastKnownFileType = wrapper.framework; name = CoreMedia.framework; path = System/Library/Frameworks/CoreMedia.framework; sourceTree = SDKROOT; };
		77D8AD2D157AE373001E2E25 /* LessonViewController.h */ = {isa = PBXFileReference; fileEncoding = 4; lastKnownFileType = sourcecode.c.h; path = LessonViewController.h; sourceTree = "<group>"; };
		77D8AD2E157AE373001E2E25 /* LessonViewController.m */ = {isa = PBXFileReference; fileEncoding = 4; lastKnownFileType = sourcecode.c.objc; path = LessonViewController.m; sourceTree = "<group>"; };
		77E5850F1699104A00866A43 /* checkon.png */ = {isa = PBXFileReference; lastKnownFileType = image.png; path = checkon.png; sourceTree = "<group>"; };
		77E585101699104A00866A43 /* checkon@2x.png */ = {isa = PBXFileReference; lastKnownFileType = image.png; path = "checkon@2x.png"; sourceTree = "<group>"; };
		77E58515169910B200866A43 /* check.png */ = {isa = PBXFileReference; lastKnownFileType = image.png; path = check.png; sourceTree = "<group>"; };
		77E58516169910B200866A43 /* check@2x.png */ = {isa = PBXFileReference; lastKnownFileType = image.png; path = "check@2x.png"; sourceTree = "<group>"; };
		77E9BEF215CE037300BC567B /* like@2x.png */ = {isa = PBXFileReference; lastKnownFileType = image.png; path = "like@2x.png"; sourceTree = "<group>"; };
		77E9BEF315CE037300BC567B /* like.png */ = {isa = PBXFileReference; lastKnownFileType = image.png; path = like.png; sourceTree = "<group>"; };
		77EB10C31560ACF500C00842 /* Next.aif */ = {isa = PBXFileReference; lastKnownFileType = file; path = Next.aif; sourceTree = "<group>"; };
		77EC14C316C9B10700D5B4C0 /* DownloadLessonViewController.h */ = {isa = PBXFileReference; fileEncoding = 4; lastKnownFileType = sourcecode.c.h; path = DownloadLessonViewController.h; sourceTree = "<group>"; };
		77EC14C416C9B10700D5B4C0 /* DownloadLessonViewController.m */ = {isa = PBXFileReference; fileEncoding = 4; lastKnownFileType = sourcecode.c.objc; path = DownloadLessonViewController.m; sourceTree = "<group>"; };
		77ED9D2916643D3F005D10ED /* MainViewController.h */ = {isa = PBXFileReference; fileEncoding = 4; lastKnownFileType = sourcecode.c.h; path = MainViewController.h; sourceTree = "<group>"; };
		77ED9D2A16643D3F005D10ED /* MainViewController.m */ = {isa = PBXFileReference; fileEncoding = 4; lastKnownFileType = sourcecode.c.objc; path = MainViewController.m; sourceTree = "<group>"; };
		77FB0F6B16E296440000D4F5 /* Profile.h */ = {isa = PBXFileReference; fileEncoding = 4; lastKnownFileType = sourcecode.c.h; path = Profile.h; sourceTree = "<group>"; };
		77FB0F6C16E296440000D4F5 /* Profile.m */ = {isa = PBXFileReference; fileEncoding = 4; lastKnownFileType = sourcecode.c.objc; path = Profile.m; sourceTree = "<group>"; };
		77FCACF51569E0900039ED77 /* F3BarGauge.h */ = {isa = PBXFileReference; fileEncoding = 4; lastKnownFileType = sourcecode.c.h; path = F3BarGauge.h; sourceTree = "<group>"; };
		77FCACF61569E0900039ED77 /* F3BarGauge.m */ = {isa = PBXFileReference; fileEncoding = 4; lastKnownFileType = sourcecode.c.objc; path = F3BarGauge.m; sourceTree = "<group>"; };
		96AE4D6A7E9DC2CFF79BD9C6 /* Pods.debug.xcconfig */ = {isa = PBXFileReference; includeInIndex = 1; lastKnownFileType = text.xcconfig; name = Pods.debug.xcconfig; path = "Pods/Target Support Files/Pods/Pods.debug.xcconfig"; sourceTree = "<group>"; };
		D90E42F71B8A351B00F1D5F1 /* GoogleService-Info.plist */ = {isa = PBXFileReference; fileEncoding = 4; lastKnownFileType = text.plist.xml; path = "GoogleService-Info.plist"; sourceTree = "<group>"; };
		D916DE6218A43AFE00657805 /* FDRightDetailWithTextFieldCell.h */ = {isa = PBXFileReference; fileEncoding = 4; lastKnownFileType = sourcecode.c.h; path = FDRightDetailWithTextFieldCell.h; sourceTree = "<group>"; };
		D916DE6318A43AFE00657805 /* FDRightDetailWithTextFieldCell.m */ = {isa = PBXFileReference; fileEncoding = 4; lastKnownFileType = sourcecode.c.objc; path = FDRightDetailWithTextFieldCell.m; sourceTree = "<group>"; };
		D936B11117EF76CD003A00BE /* CoreData.framework */ = {isa = PBXFileReference; lastKnownFileType = wrapper.framework; name = CoreData.framework; path = System/Library/Frameworks/CoreData.framework; sourceTree = SDKROOT; };
		D936B11317EF76E6003A00BE /* libz.dylib */ = {isa = PBXFileReference; lastKnownFileType = "compiled.mach-o.dylib"; name = libz.dylib; path = usr/lib/libz.dylib; sourceTree = SDKROOT; };
		D93F0BF21AB4A46000CAAC8C /* Launch Screen.xib */ = {isa = PBXFileReference; fileEncoding = 4; lastKnownFileType = file.xib; path = "Launch Screen.xib"; sourceTree = "<group>"; };
		D95C70E01C26720A00F74E66 /* Word.swift */ = {isa = PBXFileReference; fileEncoding = 4; lastKnownFileType = sourcecode.swift; path = Word.swift; sourceTree = "<group>"; };
		D98786BF1AC8C33B00C3686E /* up.png */ = {isa = PBXFileReference; lastKnownFileType = image.png; path = up.png; sourceTree = "<group>"; };
		D98786C01AC8C33B00C3686E /* up@2x.png */ = {isa = PBXFileReference; lastKnownFileType = image.png; path = "up@2x.png"; sourceTree = "<group>"; };
		D98786C11AC8C33B00C3686E /* down@2x.png */ = {isa = PBXFileReference; lastKnownFileType = image.png; path = "down@2x.png"; sourceTree = "<group>"; };
		D98786C21AC8C33B00C3686E /* down.png */ = {isa = PBXFileReference; lastKnownFileType = image.png; path = down.png; sourceTree = "<group>"; };
		D98786C31AC8C33B00C3686E /* lesson@2x.png */ = {isa = PBXFileReference; lastKnownFileType = image.png; path = "lesson@2x.png"; sourceTree = "<group>"; };
		D98786C41AC8C33B00C3686E /* lesson.png */ = {isa = PBXFileReference; lastKnownFileType = image.png; path = lesson.png; sourceTree = "<group>"; };
		D9956EEA17F4C759008070EC /* SenTestingKit.framework */ = {isa = PBXFileReference; lastKnownFileType = wrapper.framework; name = SenTestingKit.framework; path = Library/Frameworks/SenTestingKit.framework; sourceTree = DEVELOPER_DIR; };
		D9EC6F4319D9010500B07301 /* Event.h */ = {isa = PBXFileReference; fileEncoding = 4; lastKnownFileType = sourcecode.c.h; path = Event.h; sourceTree = "<group>"; };
		D9EC6F4419D9010500B07301 /* Event.m */ = {isa = PBXFileReference; fileEncoding = 4; lastKnownFileType = sourcecode.c.objc; path = Event.m; sourceTree = "<group>"; };
		D9F5C2171C2349B2003654D4 /* Echo-Bridging-Header.h */ = {isa = PBXFileReference; lastKnownFileType = sourcecode.c.h; path = "Echo-Bridging-Header.h"; sourceTree = "<group>"; };
		D9F5C2181C2349B2003654D4 /* IntroViewController.swift */ = {isa = PBXFileReference; fileEncoding = 4; lastKnownFileType = sourcecode.swift; path = IntroViewController.swift; sourceTree = "<group>"; };
		D9F5C21A1C235F9A003654D4 /* Audio.swift */ = {isa = PBXFileReference; fileEncoding = 4; lastKnownFileType = sourcecode.swift; path = Audio.swift; sourceTree = "<group>"; };
		D9FE11AF1804B0130000F135 /* GoogleConversionPing.h */ = {isa = PBXFileReference; lastKnownFileType = sourcecode.c.h; path = GoogleConversionPing.h; sourceTree = "<group>"; };
		D9FE11B01804B01F0000F135 /* libGoogleConversionTracking.a */ = {isa = PBXFileReference; lastKnownFileType = archive.ar; name = libGoogleConversionTracking.a; path = Echo/libGoogleConversionTracking.a; sourceTree = "<group>"; };
		F1BCA506CBE64FE7852ADA22 /* libPods.a */ = {isa = PBXFileReference; explicitFileType = archive.ar; includeInIndex = 0; path = libPods.a; sourceTree = BUILT_PRODUCTS_DIR; };
/* End PBXFileReference section */

/* Begin PBXFrameworksBuildPhase section */
		77B51377151970B100F041D7 /* Frameworks */ = {
			isa = PBXFrameworksBuildPhase;
			buildActionMask = 2147483647;
			files = (
				776D2BE016AB8D4F00EDB4DB /* AdSupport.framework in Frameworks */,
				D93A898F1A1AB576001C2306 /* UIKit.framework in Frameworks */,
				774CDA4215D0AEF800B14C45 /* SystemConfiguration.framework in Frameworks */,
				D936B11417EF76E6003A00BE /* libz.dylib in Frameworks */,
				D936B11217EF76CD003A00BE /* CoreData.framework in Frameworks */,
				773FEA91177E1B5B000AD650 /* StoreKit.framework in Frameworks */,
				774CDA4615D0AF0C00B14C45 /* CFNetwork.framework in Frameworks */,
				774CDA4815D0AF1700B14C45 /* CoreLocation.framework in Frameworks */,
				776D2BE416AB8D9300EDB4DB /* MobileCoreServices.framework in Frameworks */,
				776D2BE616AB8DA500EDB4DB /* libsqlite3.dylib in Frameworks */,
				776D2BE216AB8D6900EDB4DB /* Social.framework in Frameworks */,
				776D2BDD16AB8C1E00EDB4DB /* Accounts.framework in Frameworks */,
				77A1C27D151E6451006F2B69 /* QuartzCore.framework in Frameworks */,
				774CDA4C15D0AF2E00B14C45 /* CoreFoundation.framework in Frameworks */,
				774CDA4A15D0AF1E00B14C45 /* Twitter.framework in Frameworks */,
				774CDA4415D0AF0000B14C45 /* Security.framework in Frameworks */,
				77D8AD24157ABF48001E2E25 /* CoreMedia.framework in Frameworks */,
				777667C21569F41C0099996B /* AudioToolbox.framework in Frameworks */,
				D9FE11B11804B01F0000F135 /* libGoogleConversionTracking.a in Frameworks */,
				77B771AA1569ADA600E0F012 /* MessageUI.framework in Frameworks */,
				772C822F151E26E500F255EF /* AVFoundation.framework in Frameworks */,
				77B51381151970B100F041D7 /* Foundation.framework in Frameworks */,
				77B51383151970B100F041D7 /* CoreGraphics.framework in Frameworks */,
				C7991F84AEFB4058AD062485 /* libPods.a in Frameworks */,
			);
			runOnlyForDeploymentPostprocessing = 0;
		};
/* End PBXFrameworksBuildPhase section */

/* Begin PBXGroup section */
		77A50BE4157EEB2B00027CB1 /* Models */ = {
			isa = PBXGroup;
			children = (
				D9F5C21A1C235F9A003654D4 /* Audio.swift */,
				D95C70E01C26720A00F74E66 /* Word.swift */,
				77A50BE8157EF1B800027CB1 /* Lesson.h */,
				77A50BE9157EF1B800027CB1 /* Lesson.m */,
				772C83B015BF6D1A00E63B9C /* LessonSet.h */,
				772C83B115BF6D1A00E63B9C /* LessonSet.m */,
				77BBFE0E157C189600511CEC /* Languages.h */,
				77BBFE0F157C189600511CEC /* Languages.m */,
				77FB0F6B16E296440000D4F5 /* Profile.h */,
				77FB0F6C16E296440000D4F5 /* Profile.m */,
				D9EC6F4319D9010500B07301 /* Event.h */,
				D9EC6F4419D9010500B07301 /* Event.m */,
				7749939515A0C409001DE784 /* NetworkManager.h */,
				7749939615A0C409001DE784 /* NetworkManager.m */,
			);
			name = Models;
			sourceTree = "<group>";
		};
		77B5136F151970B100F041D7 = {
			isa = PBXGroup;
			children = (
				773FEA65177E198A000AD650 /* Media.xcassets */,
				77B51384151970B100F041D7 /* Echo */,
				77B5137D151970B100F041D7 /* Frameworks */,
				77B5137B151970B100F041D7 /* Products */,
				9C15600BDD372A53FBB55FC0 /* Pods */,
			);
			sourceTree = "<group>";
		};
		77B5137B151970B100F041D7 /* Products */ = {
			isa = PBXGroup;
			children = (
				77B5137A151970B100F041D7 /* Echo.app */,
			);
			name = Products;
			sourceTree = "<group>";
		};
		77B5137D151970B100F041D7 /* Frameworks */ = {
			isa = PBXGroup;
			children = (
				D9FE11B01804B01F0000F135 /* libGoogleConversionTracking.a */,
				D9956EEA17F4C759008070EC /* SenTestingKit.framework */,
				D936B11317EF76E6003A00BE /* libz.dylib */,
				D936B11117EF76CD003A00BE /* CoreData.framework */,
				77BBB7641754DC4A0067787E /* StoreKit.framework */,
				776D2BE516AB8DA500EDB4DB /* libsqlite3.dylib */,
				776D2BE316AB8D9300EDB4DB /* MobileCoreServices.framework */,
				776D2BE116AB8D6900EDB4DB /* Social.framework */,
				776D2BDF16AB8D4F00EDB4DB /* AdSupport.framework */,
				776D2BDC16AB8C1E00EDB4DB /* Accounts.framework */,
				777667C11569F41C0099996B /* AudioToolbox.framework */,
				772C822E151E26E500F255EF /* AVFoundation.framework */,
				774CDA4515D0AF0C00B14C45 /* CFNetwork.framework */,
				774CDA4B15D0AF2E00B14C45 /* CoreFoundation.framework */,
				77B51382151970B100F041D7 /* CoreGraphics.framework */,
				774CDA4715D0AF1700B14C45 /* CoreLocation.framework */,
				77D8AD23157ABF48001E2E25 /* CoreMedia.framework */,
				77B51380151970B100F041D7 /* Foundation.framework */,
				77B771A91569ADA600E0F012 /* MessageUI.framework */,
				77A1C27C151E6451006F2B69 /* QuartzCore.framework */,
				774CDA4315D0AF0000B14C45 /* Security.framework */,
				774CDA4115D0AEF800B14C45 /* SystemConfiguration.framework */,
				774CDA4915D0AF1E00B14C45 /* Twitter.framework */,
				77B5137E151970B100F041D7 /* UIKit.framework */,
				F1BCA506CBE64FE7852ADA22 /* libPods.a */,
			);
			name = Frameworks;
			sourceTree = "<group>";
		};
		77B51384151970B100F041D7 /* Echo */ = {
			isa = PBXGroup;
			children = (
				D9F5C2181C2349B2003654D4 /* IntroViewController.swift */,
				77ED9D2916643D3F005D10ED /* MainViewController.h */,
				77ED9D2A16643D3F005D10ED /* MainViewController.m */,
				77EC14C316C9B10700D5B4C0 /* DownloadLessonViewController.h */,
				77EC14C416C9B10700D5B4C0 /* DownloadLessonViewController.m */,
				77C7042C16F52FF400C3A13A /* ProfileViewController.h */,
				77C7042D16F52FF400C3A13A /* ProfileViewController.m */,
				771CED671764336000EE8A88 /* WebViewController.h */,
				771CED681764336000EE8A88 /* WebViewController.m */,
				771CED971764C09F00EE8A88 /* resources.html */,
				77A50BE4157EEB2B00027CB1 /* Models */,
				77DDC70C156DD45300568CDE /* Lesson UI */,
				77B51390151970B100F041D7 /* MainStoryboard.storyboard */,
				D93F0BF21AB4A46000CAAC8C /* Launch Screen.xib */,
				77D8AD13157ABE53001E2E25 /* PHOREchoRecorder.h */,
				77D8AD14157ABE53001E2E25 /* PHOREchoRecorder.m */,
				77DDC70E156DD81F00568CDE /* Classes */,
				77B51385151970B100F041D7 /* Supporting Files */,
				D9F5C2171C2349B2003654D4 /* Echo-Bridging-Header.h */,
			);
			path = Echo;
			sourceTree = "<group>";
		};
		77B51385151970B100F041D7 /* Supporting Files */ = {
			isa = PBXGroup;
			children = (
				D98786BF1AC8C33B00C3686E /* up.png */,
				D98786C01AC8C33B00C3686E /* up@2x.png */,
				D98786C11AC8C33B00C3686E /* down@2x.png */,
				D98786C21AC8C33B00C3686E /* down.png */,
				D98786C31AC8C33B00C3686E /* lesson@2x.png */,
				D98786C41AC8C33B00C3686E /* lesson.png */,
				77B5138D151970B100F041D7 /* AppDelegate.h */,
				77B5138E151970B100F041D7 /* AppDelegate.m */,
				77EB10C31560ACF500C00842 /* Next.aif */,
				77D8AD0D157AB589001E2E25 /* social.png */,
				77D8AD0E157AB589001E2E25 /* social@2x.png */,
				77E58515169910B200866A43 /* check.png */,
				77E58516169910B200866A43 /* check@2x.png */,
				77E5850F1699104A00866A43 /* checkon.png */,
				77E585101699104A00866A43 /* checkon@2x.png */,
				77CB51E215683A6D00BBD4FC /* shuffle.png */,
				77B51386151970B100F041D7 /* Echo-Info.plist */,
				77B51387151970B100F041D7 /* InfoPlist.strings */,
				7798DE1D161A7314004EE464 /* none40.png */,
				77B5138A151970B100F041D7 /* main.m */,
				7798DE0F1619138C004EE464 /* flag.png */,
				7798DE101619138C004EE464 /* flag@2x.png */,
				77E9BEF315CE037300BC567B /* like.png */,
				77E9BEF215CE037300BC567B /* like@2x.png */,
				774CDA1B15D080F100B14C45 /* message.png */,
				774CDA1C15D080F100B14C45 /* message@2x.png */,
				77B5138C151970B100F041D7 /* Echo-Prefix.pch */,
				77BBFDFA157BDC4500511CEC /* Languages.plist */,
				77C7043116F533C200C3A13A /* checkin.png */,
				77C7043216F533C200C3A13A /* checkin@2x.png */,
				77C7043516F5366000C3A13A /* camera.png */,
				77C7043616F5366000C3A13A /* camera@2x.png */,
				D90E42F71B8A351B00F1D5F1 /* GoogleService-Info.plist */,
			);
			name = "Supporting Files";
			sourceTree = "<group>";
		};
		77DDC70C156DD45300568CDE /* Lesson UI */ = {
			isa = PBXGroup;
			children = (
				77D8AD2D157AE373001E2E25 /* LessonViewController.h */,
				77D8AD2E157AE373001E2E25 /* LessonViewController.m */,
				77B5139D151970B100F041D7 /* WordPracticeController.h */,
				77B5139E151970B100F041D7 /* WordPracticeController.m */,
				77BBFE0B157C11C900511CEC /* WordDetailController.h */,
				77BBFE0C157C11C900511CEC /* WordDetailController.m */,
				77BBFE08157C0DB900511CEC /* LanguageSelectController.h */,
				77BBFE09157C0DB900511CEC /* LanguageSelectController.m */,
				77A50BE2157C59BE00027CB1 /* Checkbox checked.png */,
				77BBFE15157C3BF100511CEC /* Checkbox empty.png */,
				7761D6A315E2E77E00975F1B /* practiceIcon.png */,
				7761D6A415E2E77E00975F1B /* practiceIcon@2x.png */,
			);
			name = "Lesson UI";
			sourceTree = "<group>";
		};
		77DDC70E156DD81F00568CDE /* Classes */ = {
			isa = PBXGroup;
			children = (
				D916DE6218A43AFE00657805 /* FDRightDetailWithTextFieldCell.h */,
				D916DE6318A43AFE00657805 /* FDRightDetailWithTextFieldCell.m */,
				D9FE11AF1804B0130000F135 /* GoogleConversionPing.h */,
				77FCACF51569E0900039ED77 /* F3BarGauge.h */,
				77FCACF61569E0900039ED77 /* F3BarGauge.m */,
				77D8AD17157ABF1A001E2E25 /* microphone icon@2x.png */,
				77D8AD18157ABF1A001E2E25 /* microphone icon.png */,
				77D8AD19157ABF1A001E2E25 /* speaker icon.png */,
				77D8AD1A157ABF1A001E2E25 /* speaker icon@2x.png */,
				77A50BDF157C4E1B00027CB1 /* iphone_delete_button.png */,
				77D8AD1B157ABF1A001E2E25 /* Ready to record.m4a */,
				77D8AD1C157ABF1A001E2E25 /* Record failed.m4a */,
				779F86821586BBAC00EDD3BA /* 37x-Checkmark.png */,
				779F86831586BBAC00EDD3BA /* 37x-Checkmark@2x.png */,
				779F86861586BFD500EDD3BA /* 37x-BigX@2x.png */,
				779F86871586BFD500EDD3BA /* 37x-BigX.png */,
			);
			name = Classes;
			sourceTree = "<group>";
		};
		9C15600BDD372A53FBB55FC0 /* Pods */ = {
			isa = PBXGroup;
			children = (
				96AE4D6A7E9DC2CFF79BD9C6 /* Pods.debug.xcconfig */,
				4BDFBED5E039232248E8582F /* Pods.release.xcconfig */,
			);
			name = Pods;
			sourceTree = "<group>";
		};
/* End PBXGroup section */

/* Begin PBXNativeTarget section */
		77B51379151970B100F041D7 /* Echo */ = {
			isa = PBXNativeTarget;
			buildConfigurationList = 77B513A6151970B100F041D7 /* Build configuration list for PBXNativeTarget "Echo" */;
			buildPhases = (
				C7F7B4F4EEDA4AB1A242040C /* Check Pods Manifest.lock */,
				77B51376151970B100F041D7 /* Sources */,
				77B51377151970B100F041D7 /* Frameworks */,
				77B51378151970B100F041D7 /* Resources */,
				A486874D6C814F9DA5483CE0 /* Copy Pods Resources */,
				D0EF24605B0642B337FCCC14 /* Embed Pods Frameworks */,
			);
			buildRules = (
			);
			dependencies = (
			);
			name = Echo;
			productName = EnglishStudy;
			productReference = 77B5137A151970B100F041D7 /* Echo.app */;
			productType = "com.apple.product-type.application";
		};
/* End PBXNativeTarget section */

/* Begin PBXProject section */
		77B51371151970B100F041D7 /* Project object */ = {
			isa = PBXProject;
			attributes = {
				CLASSPREFIX = PHOR;
				LastUpgradeCheck = 0720;
				TargetAttributes = {
					77B51379151970B100F041D7 = {
						DevelopmentTeam = 8Q693ZG5RN;
						SystemCapabilities = {
							com.apple.InAppPurchase = {
								enabled = 0;
							};
						};
					};
				};
			};
			buildConfigurationList = 77B51374151970B100F041D7 /* Build configuration list for PBXProject "Echo" */;
			compatibilityVersion = "Xcode 3.2";
			developmentRegion = English;
			hasScannedForEncodings = 0;
			knownRegions = (
				en,
				de,
				"zh-Hans",
				Base,
				ca,
				cs,
				da,
				el,
				es,
				fi,
				fr,
				he,
				hu,
				id,
				it,
				ja,
				ko,
				nb,
				nl,
				pl,
				pt,
				ro,
				ru,
				sk,
				sv,
				tr,
				"zh-Hant",
			);
			mainGroup = 77B5136F151970B100F041D7;
			productRefGroup = 77B5137B151970B100F041D7 /* Products */;
			projectDirPath = "";
			projectRoot = "";
			targets = (
				77B51379151970B100F041D7 /* Echo */,
			);
		};
/* End PBXProject section */

/* Begin PBXResourcesBuildPhase section */
		77B51378151970B100F041D7 /* Resources */ = {
			isa = PBXResourcesBuildPhase;
			buildActionMask = 2147483647;
			files = (
				77B51392151970B100F041D7 /* MainStoryboard.storyboard in Resources */,
				77EB10C41560ACF500C00842 /* Next.aif in Resources */,
				77CB51E315683A6D00BBD4FC /* shuffle.png in Resources */,
				77D8AD0F157AB589001E2E25 /* social.png in Resources */,
				77D8AD10157AB589001E2E25 /* social@2x.png in Resources */,
				77D8AD1D157ABF1A001E2E25 /* microphone icon@2x.png in Resources */,
				77D8AD1E157ABF1A001E2E25 /* microphone icon.png in Resources */,
				77D8AD1F157ABF1A001E2E25 /* speaker icon.png in Resources */,
				77D8AD20157ABF1A001E2E25 /* speaker icon@2x.png in Resources */,
				77D8AD21157ABF1A001E2E25 /* Ready to record.m4a in Resources */,
				773FEA66177E198A000AD650 /* Media.xcassets in Resources */,
				D93F0BF31AB4A46000CAAC8C /* Launch Screen.xib in Resources */,
				77D8AD22157ABF1A001E2E25 /* Record failed.m4a in Resources */,
				77BBFDFB157BDC4500511CEC /* Languages.plist in Resources */,
				D98786C91AC8C33B00C3686E /* lesson@2x.png in Resources */,
				D98786CA1AC8C33B00C3686E /* lesson.png in Resources */,
				77BBFE17157C3BF100511CEC /* Checkbox empty.png in Resources */,
				77A50BE0157C4E1B00027CB1 /* iphone_delete_button.png in Resources */,
				77A50BE3157C59BE00027CB1 /* Checkbox checked.png in Resources */,
				D90E42F81B8A351B00F1D5F1 /* GoogleService-Info.plist in Resources */,
				779F86841586BBAC00EDD3BA /* 37x-Checkmark.png in Resources */,
				779F86851586BBAC00EDD3BA /* 37x-Checkmark@2x.png in Resources */,
				779F86881586BFD500EDD3BA /* 37x-BigX@2x.png in Resources */,
				779F86891586BFD500EDD3BA /* 37x-BigX.png in Resources */,
				77E9BEF615CE037300BC567B /* like@2x.png in Resources */,
				77E9BEF715CE037300BC567B /* like.png in Resources */,
				774CDA1F15D080F100B14C45 /* message.png in Resources */,
				D98786C81AC8C33B00C3686E /* down.png in Resources */,
				774CDA2015D080F100B14C45 /* message@2x.png in Resources */,
				7761D6A515E2E77E00975F1B /* practiceIcon.png in Resources */,
				D98786C61AC8C33B00C3686E /* up@2x.png in Resources */,
				7761D6A615E2E77E00975F1B /* practiceIcon@2x.png in Resources */,
				7798DE111619138C004EE464 /* flag.png in Resources */,
				7798DE121619138C004EE464 /* flag@2x.png in Resources */,
				7798DE1E161A7314004EE464 /* none40.png in Resources */,
				D98786C51AC8C33B00C3686E /* up.png in Resources */,
				D98786C71AC8C33B00C3686E /* down@2x.png in Resources */,
				77E585131699104A00866A43 /* checkon.png in Resources */,
				77E585141699104A00866A43 /* checkon@2x.png in Resources */,
				77E58517169910B200866A43 /* check.png in Resources */,
				77E58518169910B200866A43 /* check@2x.png in Resources */,
				77C7043316F533C200C3A13A /* checkin.png in Resources */,
				77C7043416F533C200C3A13A /* checkin@2x.png in Resources */,
				77C7043716F5366000C3A13A /* camera.png in Resources */,
				77C7043816F5366000C3A13A /* camera@2x.png in Resources */,
				771CED981764C09F00EE8A88 /* resources.html in Resources */,
			);
			runOnlyForDeploymentPostprocessing = 0;
		};
/* End PBXResourcesBuildPhase section */

/* Begin PBXShellScriptBuildPhase section */
		A486874D6C814F9DA5483CE0 /* Copy Pods Resources */ = {
			isa = PBXShellScriptBuildPhase;
			buildActionMask = 2147483647;
			files = (
			);
			inputPaths = (
			);
			name = "Copy Pods Resources";
			outputPaths = (
			);
			runOnlyForDeploymentPostprocessing = 0;
			shellPath = /bin/sh;
			shellScript = "\"${SRCROOT}/Pods/Target Support Files/Pods/Pods-resources.sh\"\n";
			showEnvVarsInLog = 0;
		};
		C7F7B4F4EEDA4AB1A242040C /* Check Pods Manifest.lock */ = {
			isa = PBXShellScriptBuildPhase;
			buildActionMask = 2147483647;
			files = (
			);
			inputPaths = (
			);
			name = "Check Pods Manifest.lock";
			outputPaths = (
			);
			runOnlyForDeploymentPostprocessing = 0;
			shellPath = /bin/sh;
			shellScript = "diff \"${PODS_ROOT}/../Podfile.lock\" \"${PODS_ROOT}/Manifest.lock\" > /dev/null\nif [[ $? != 0 ]] ; then\n    cat << EOM\nerror: The sandbox is not in sync with the Podfile.lock. Run 'pod install' or update your CocoaPods installation.\nEOM\n    exit 1\nfi\n";
			showEnvVarsInLog = 0;
		};
		D0EF24605B0642B337FCCC14 /* Embed Pods Frameworks */ = {
			isa = PBXShellScriptBuildPhase;
			buildActionMask = 2147483647;
			files = (
			);
			inputPaths = (
			);
			name = "Embed Pods Frameworks";
			outputPaths = (
			);
			runOnlyForDeploymentPostprocessing = 0;
			shellPath = /bin/sh;
			shellScript = "\"${SRCROOT}/Pods/Target Support Files/Pods/Pods-frameworks.sh\"\n";
			showEnvVarsInLog = 0;
		};
/* End PBXShellScriptBuildPhase section */

/* Begin PBXSourcesBuildPhase section */
		77B51376151970B100F041D7 /* Sources */ = {
			isa = PBXSourcesBuildPhase;
			buildActionMask = 2147483647;
			files = (
				D9F5C21B1C235F9A003654D4 /* Audio.swift in Sources */,
				77B5138B151970B100F041D7 /* main.m in Sources */,
				77B5138F151970B100F041D7 /* AppDelegate.m in Sources */,
				77B5139F151970B100F041D7 /* WordPracticeController.m in Sources */,
				77FCACF71569E0910039ED77 /* F3BarGauge.m in Sources */,
				77D8AD16157ABE53001E2E25 /* PHOREchoRecorder.m in Sources */,
				77D8AD2F157AE373001E2E25 /* LessonViewController.m in Sources */,
				77BBFE0A157C0DB900511CEC /* LanguageSelectController.m in Sources */,
				77BBFE0D157C11C900511CEC /* WordDetailController.m in Sources */,
				77BBFE10157C189600511CEC /* Languages.m in Sources */,
				77A50BEA157EF1B800027CB1 /* Lesson.m in Sources */,
				7749939715A0C409001DE784 /* NetworkManager.m in Sources */,
				D9EC6F4519D9010500B07301 /* Event.m in Sources */,
				772C83B215BF6D1A00E63B9C /* LessonSet.m in Sources */,
				D9F5C2191C2349B2003654D4 /* IntroViewController.swift in Sources */,
				77ED9D2B16643D3F005D10ED /* MainViewController.m in Sources */,
				D95C70E11C26720A00F74E66 /* Word.swift in Sources */,
				77EC14C516C9B10700D5B4C0 /* DownloadLessonViewController.m in Sources */,
				77FB0F6D16E296440000D4F5 /* Profile.m in Sources */,
				77C7042E16F52FF500C3A13A /* ProfileViewController.m in Sources */,
				771CED691764336000EE8A88 /* WebViewController.m in Sources */,
				D916DE6418A43AFE00657805 /* FDRightDetailWithTextFieldCell.m in Sources */,
			);
			runOnlyForDeploymentPostprocessing = 0;
		};
/* End PBXSourcesBuildPhase section */

/* Begin PBXVariantGroup section */
		77B51387151970B100F041D7 /* InfoPlist.strings */ = {
			isa = PBXVariantGroup;
			children = (
				77B51388151970B100F041D7 /* en */,
			);
			name = InfoPlist.strings;
			sourceTree = "<group>";
		};
		77B51390151970B100F041D7 /* MainStoryboard.storyboard */ = {
			isa = PBXVariantGroup;
			children = (
				7721960F169E5F9200998B69 /* Base */,
			);
			name = MainStoryboard.storyboard;
			sourceTree = "<group>";
		};
/* End PBXVariantGroup section */

/* Begin XCBuildConfiguration section */
		77B513A4151970B100F041D7 /* Debug */ = {
			isa = XCBuildConfiguration;
			buildSettings = {
				CLANG_ENABLE_OBJC_ARC = YES;
				CODE_SIGN_IDENTITY = "iPhone Developer";
				DEFINES_MODULE = YES;
				ENABLE_TESTABILITY = YES;
				GCC_C_LANGUAGE_STANDARD = "compiler-default";
				GCC_DYNAMIC_NO_PIC = NO;
				GCC_OPTIMIZATION_LEVEL = 0;
				GCC_PREPROCESSOR_DEFINITIONS = (
					"DEBUG=1",
					"$(inherited)",
				);
				GCC_SYMBOLS_PRIVATE_EXTERN = NO;
				GCC_WARN_ABOUT_RETURN_TYPE = YES;
				GCC_WARN_UNINITIALIZED_AUTOS = YES;
				GCC_WARN_UNUSED_FUNCTION = NO;
				GCC_WARN_UNUSED_VARIABLE = YES;
				IPHONEOS_DEPLOYMENT_TARGET = 8.0;
				ONLY_ACTIVE_ARCH = NO;
				PROVISIONING_PROFILE = "";
				SDKROOT = iphoneos;
				TARGETED_DEVICE_FAMILY = "1,2";
			};
			name = Debug;
		};
		77B513A5151970B100F041D7 /* Release */ = {
			isa = XCBuildConfiguration;
			buildSettings = {
				CLANG_ENABLE_OBJC_ARC = YES;
				CODE_SIGN_IDENTITY = "iPhone Distribution";
				DEFINES_MODULE = YES;
				GCC_C_LANGUAGE_STANDARD = "compiler-default";
				GCC_WARN_ABOUT_RETURN_TYPE = YES;
				GCC_WARN_UNINITIALIZED_AUTOS = YES;
				GCC_WARN_UNUSED_FUNCTION = NO;
				GCC_WARN_UNUSED_VARIABLE = YES;
				IPHONEOS_DEPLOYMENT_TARGET = 8.0;
				OTHER_CFLAGS = "-DNS_BLOCK_ASSERTIONS=1";
				PROVISIONING_PROFILE = "";
				SDKROOT = iphoneos;
				TARGETED_DEVICE_FAMILY = "1,2";
			};
			name = Release;
		};
		77B513A7151970B100F041D7 /* Debug */ = {
			isa = XCBuildConfiguration;
			baseConfigurationReference = 96AE4D6A7E9DC2CFF79BD9C6 /* Pods.debug.xcconfig */;
			buildSettings = {
				ASSETCATALOG_COMPILER_APPICON_NAME = AppIcon;
				CLANG_ENABLE_MODULES = YES;
				CODE_SIGN_IDENTITY = "iPhone Developer";
				"CODE_SIGN_IDENTITY[sdk=iphoneos*]" = "iPhone Developer";
				GCC_PRECOMPILE_PREFIX_HEADER = YES;
				GCC_PREFIX_HEADER = "Echo/Echo-Prefix.pch";
				INFOPLIST_FILE = "Echo/Echo-Info.plist";
				IPHONEOS_DEPLOYMENT_TARGET = 8.0;
				LD_RUNPATH_SEARCH_PATHS = "$(inherited) @executable_path/Frameworks";
				LIBRARY_SEARCH_PATHS = (
					"$(inherited)",
					/Users/fulldecent/Developer/Echo/Echo,
				);
				ONLY_ACTIVE_ARCH = NO;
				PRODUCT_BUNDLE_IDENTIFIER = "net.phor.$(PRODUCT_NAME:rfc1034identifier)";
				PRODUCT_NAME = Echo;
				PROVISIONING_PROFILE = "";
				SWIFT_OBJC_BRIDGING_HEADER = "Echo/Echo-Bridging-Header.h";
				SWIFT_OPTIMIZATION_LEVEL = "-Onone";
				USER_HEADER_SEARCH_PATHS = "Submodules/**";
				WRAPPER_EXTENSION = app;
			};
			name = Debug;
		};
		77B513A8151970B100F041D7 /* Release */ = {
			isa = XCBuildConfiguration;
			baseConfigurationReference = 4BDFBED5E039232248E8582F /* Pods.release.xcconfig */;
			buildSettings = {
				ASSETCATALOG_COMPILER_APPICON_NAME = AppIcon;
				CLANG_ENABLE_MODULES = YES;
				CODE_SIGN_IDENTITY = "iPhone Developer";
				"CODE_SIGN_IDENTITY[sdk=iphoneos*]" = "iPhone Developer";
				GCC_PRECOMPILE_PREFIX_HEADER = YES;
				GCC_PREFIX_HEADER = "Echo/Echo-Prefix.pch";
				INFOPLIST_FILE = "Echo/Echo-Info.plist";
				IPHONEOS_DEPLOYMENT_TARGET = 8.0;
				LD_RUNPATH_SEARCH_PATHS = "$(inherited) @executable_path/Frameworks";
				LIBRARY_SEARCH_PATHS = (
					"$(inherited)",
					/Users/williamentriken/Developer/Echo/Echo,
				);
				ONLY_ACTIVE_ARCH = NO;
				PRODUCT_BUNDLE_IDENTIFIER = "net.phor.$(PRODUCT_NAME:rfc1034identifier)";
				PRODUCT_NAME = Echo;
				PROVISIONING_PROFILE = "";
				SWIFT_OBJC_BRIDGING_HEADER = "Echo/Echo-Bridging-Header.h";
				USER_HEADER_SEARCH_PATHS = "Submodules/**";
				WRAPPER_EXTENSION = app;
			};
			name = Release;
		};
/* End XCBuildConfiguration section */

/* Begin XCConfigurationList section */
		77B51374151970B100F041D7 /* Build configuration list for PBXProject "Echo" */ = {
			isa = XCConfigurationList;
			buildConfigurations = (
				77B513A4151970B100F041D7 /* Debug */,
				77B513A5151970B100F041D7 /* Release */,
			);
			defaultConfigurationIsVisible = 0;
			defaultConfigurationName = Release;
		};
		77B513A6151970B100F041D7 /* Build configuration list for PBXNativeTarget "Echo" */ = {
			isa = XCConfigurationList;
			buildConfigurations = (
				77B513A7151970B100F041D7 /* Debug */,
				77B513A8151970B100F041D7 /* Release */,
			);
			defaultConfigurationIsVisible = 0;
			defaultConfigurationName = Release;
		};
/* End XCConfigurationList section */
	};
	rootObject = 77B51371151970B100F041D7 /* Project object */;
}
