// !$*UTF8*$!
{
	archiveVersion = 1;
	classes = {
	};
	objectVersion = 46;
	objects = {

/* Begin PBXBuildFile section */
		C2FEDBFF25C012146D69B653 /* Pods_Echo.framework in Frameworks */ = {isa = PBXBuildFile; fileRef = 5FDBDB361D9A6798D4CA94CA /* Pods_Echo.framework */; };
		D919AE6F1E2BC96600728F9F /* MainViewController.swift in Sources */ = {isa = PBXBuildFile; fileRef = D919AE6E1E2BC96600728F9F /* MainViewController.swift */; };
		D919AE731E2BC9BD00728F9F /* DownloadViewController.swift in Sources */ = {isa = PBXBuildFile; fileRef = D919AE721E2BC9BD00728F9F /* DownloadViewController.swift */; };
		D919AE751E2BC9D100728F9F /* LanguageViewController.swift in Sources */ = {isa = PBXBuildFile; fileRef = D919AE741E2BC9D100728F9F /* LanguageViewController.swift */; };
		D919AE771E2BC9E800728F9F /* LessonViewController.swift in Sources */ = {isa = PBXBuildFile; fileRef = D919AE761E2BC9E800728F9F /* LessonViewController.swift */; };
		D919AE791E2BCA0900728F9F /* PracticeViewController.swift in Sources */ = {isa = PBXBuildFile; fileRef = D919AE781E2BCA0900728F9F /* PracticeViewController.swift */; };
		D919AE7B1E2BCAD300728F9F /* AchievementsViewController.swift in Sources */ = {isa = PBXBuildFile; fileRef = D919AE7A1E2BCAD300728F9F /* AchievementsViewController.swift */; };
		D919AE7D1E2BCB1800728F9F /* Achievement.swift in Sources */ = {isa = PBXBuildFile; fileRef = D919AE7C1E2BCB1800728F9F /* Achievement.swift */; };
		D919AE811E2BF0D200728F9F /* AVFoundation.framework in Frameworks */ = {isa = PBXBuildFile; fileRef = D919AE801E2BF0D200728F9F /* AVFoundation.framework */; };
		D919AE831E2C063A00728F9F /* Languages.swift in Sources */ = {isa = PBXBuildFile; fileRef = D919AE821E2C063A00728F9F /* Languages.swift */; };
		D919AE851E2C170600728F9F /* MessageUI.framework in Frameworks */ = {isa = PBXBuildFile; fileRef = D919AE841E2C170500728F9F /* MessageUI.framework */; };
		D919AE871E2C1A0E00728F9F /* NetworkManager.swift in Sources */ = {isa = PBXBuildFile; fileRef = D919AE861E2C1A0E00728F9F /* NetworkManager.swift */; };
		D922A3071E2C843100C1AB83 /* LessonLibrary.swift in Sources */ = {isa = PBXBuildFile; fileRef = D922A3061E2C843100C1AB83 /* LessonLibrary.swift */; };
		D9247EDC1E2B38DB00CE3F27 /* AppDelegate.swift in Sources */ = {isa = PBXBuildFile; fileRef = D9247EDB1E2B38DB00CE3F27 /* AppDelegate.swift */; };
		D9247EDE1E2B38DB00CE3F27 /* ViewController.swift in Sources */ = {isa = PBXBuildFile; fileRef = D9247EDD1E2B38DB00CE3F27 /* ViewController.swift */; };
		D9247EE11E2B38DB00CE3F27 /* Main.storyboard in Resources */ = {isa = PBXBuildFile; fileRef = D9247EDF1E2B38DB00CE3F27 /* Main.storyboard */; };
		D9247EE31E2B38DB00CE3F27 /* Assets.xcassets in Resources */ = {isa = PBXBuildFile; fileRef = D9247EE21E2B38DB00CE3F27 /* Assets.xcassets */; };
		D9247EE61E2B38DB00CE3F27 /* LaunchScreen.storyboard in Resources */ = {isa = PBXBuildFile; fileRef = D9247EE41E2B38DB00CE3F27 /* LaunchScreen.storyboard */; };
		D92B92331E2C1A9F00459B13 /* EchoTests.swift in Sources */ = {isa = PBXBuildFile; fileRef = D92B92321E2C1A9F00459B13 /* EchoTests.swift */; };
		D92B923B1E2C2ED300459B13 /* Lesson.swift in Sources */ = {isa = PBXBuildFile; fileRef = D92B923A1E2C2ED200459B13 /* Lesson.swift */; };
		D94345031E302FF100C4FB34 /* Word.swift in Sources */ = {isa = PBXBuildFile; fileRef = D94345021E302FF100C4FB34 /* Word.swift */; };
		D94345051E30311800C4FB34 /* Audio.swift in Sources */ = {isa = PBXBuildFile; fileRef = D94345041E30311800C4FB34 /* Audio.swift */; };
		D99FEFCA1E61259E00D1C663 /* Ready to record.m4a in Resources */ = {isa = PBXBuildFile; fileRef = D99FEFC91E61259E00D1C663 /* Ready to record.m4a */; };
		D99FEFCC1E61262200D1C663 /* Record failed.m4a in Resources */ = {isa = PBXBuildFile; fileRef = D99FEFCB1E61262200D1C663 /* Record failed.m4a */; };
/* End PBXBuildFile section */

/* Begin PBXContainerItemProxy section */
		D92B92351E2C1A9F00459B13 /* PBXContainerItemProxy */ = {
			isa = PBXContainerItemProxy;
			containerPortal = D9247ED01E2B38DB00CE3F27 /* Project object */;
			proxyType = 1;
			remoteGlobalIDString = D9247ED71E2B38DB00CE3F27;
			remoteInfo = Echo;
		};
/* End PBXContainerItemProxy section */

/* Begin PBXFileReference section */
		5FDBDB361D9A6798D4CA94CA /* Pods_Echo.framework */ = {isa = PBXFileReference; explicitFileType = wrapper.framework; includeInIndex = 0; path = Pods_Echo.framework; sourceTree = BUILT_PRODUCTS_DIR; };
		A40C3169C254DC060CB15BEE /* Pods-Echo.debug.xcconfig */ = {isa = PBXFileReference; includeInIndex = 1; lastKnownFileType = text.xcconfig; name = "Pods-Echo.debug.xcconfig"; path = "Pods/Target Support Files/Pods-Echo/Pods-Echo.debug.xcconfig"; sourceTree = "<group>"; };
		D919AE6E1E2BC96600728F9F /* MainViewController.swift */ = {isa = PBXFileReference; fileEncoding = 4; lastKnownFileType = sourcecode.swift; path = MainViewController.swift; sourceTree = "<group>"; };
		D919AE721E2BC9BD00728F9F /* DownloadViewController.swift */ = {isa = PBXFileReference; fileEncoding = 4; lastKnownFileType = sourcecode.swift; path = DownloadViewController.swift; sourceTree = "<group>"; };
		D919AE741E2BC9D100728F9F /* LanguageViewController.swift */ = {isa = PBXFileReference; fileEncoding = 4; lastKnownFileType = sourcecode.swift; path = LanguageViewController.swift; sourceTree = "<group>"; };
		D919AE761E2BC9E800728F9F /* LessonViewController.swift */ = {isa = PBXFileReference; fileEncoding = 4; lastKnownFileType = sourcecode.swift; path = LessonViewController.swift; sourceTree = "<group>"; };
		D919AE781E2BCA0900728F9F /* PracticeViewController.swift */ = {isa = PBXFileReference; fileEncoding = 4; lastKnownFileType = sourcecode.swift; path = PracticeViewController.swift; sourceTree = "<group>"; };
		D919AE7A1E2BCAD300728F9F /* AchievementsViewController.swift */ = {isa = PBXFileReference; fileEncoding = 4; lastKnownFileType = sourcecode.swift; path = AchievementsViewController.swift; sourceTree = "<group>"; };
		D919AE7C1E2BCB1800728F9F /* Achievement.swift */ = {isa = PBXFileReference; fileEncoding = 4; lastKnownFileType = sourcecode.swift; path = Achievement.swift; sourceTree = "<group>"; };
		D919AE801E2BF0D200728F9F /* AVFoundation.framework */ = {isa = PBXFileReference; lastKnownFileType = wrapper.framework; name = AVFoundation.framework; path = System/Library/Frameworks/AVFoundation.framework; sourceTree = SDKROOT; };
		D919AE821E2C063A00728F9F /* Languages.swift */ = {isa = PBXFileReference; fileEncoding = 4; lastKnownFileType = sourcecode.swift; path = Languages.swift; sourceTree = "<group>"; };
		D919AE841E2C170500728F9F /* MessageUI.framework */ = {isa = PBXFileReference; lastKnownFileType = wrapper.framework; name = MessageUI.framework; path = System/Library/Frameworks/MessageUI.framework; sourceTree = SDKROOT; };
		D919AE861E2C1A0E00728F9F /* NetworkManager.swift */ = {isa = PBXFileReference; fileEncoding = 4; lastKnownFileType = sourcecode.swift; path = NetworkManager.swift; sourceTree = "<group>"; };
		D922A3061E2C843100C1AB83 /* LessonLibrary.swift */ = {isa = PBXFileReference; fileEncoding = 4; lastKnownFileType = sourcecode.swift; path = LessonLibrary.swift; sourceTree = "<group>"; };
		D9247ED81E2B38DB00CE3F27 /* Echo.app */ = {isa = PBXFileReference; explicitFileType = wrapper.application; includeInIndex = 0; path = Echo.app; sourceTree = BUILT_PRODUCTS_DIR; };
		D9247EDB1E2B38DB00CE3F27 /* AppDelegate.swift */ = {isa = PBXFileReference; lastKnownFileType = sourcecode.swift; path = AppDelegate.swift; sourceTree = "<group>"; };
		D9247EDD1E2B38DB00CE3F27 /* ViewController.swift */ = {isa = PBXFileReference; lastKnownFileType = sourcecode.swift; path = ViewController.swift; sourceTree = "<group>"; };
		D9247EE01E2B38DB00CE3F27 /* Base */ = {isa = PBXFileReference; lastKnownFileType = file.storyboard; name = Base; path = Base.lproj/Main.storyboard; sourceTree = "<group>"; };
		D9247EE21E2B38DB00CE3F27 /* Assets.xcassets */ = {isa = PBXFileReference; lastKnownFileType = folder.assetcatalog; path = Assets.xcassets; sourceTree = "<group>"; };
		D9247EE51E2B38DB00CE3F27 /* Base */ = {isa = PBXFileReference; lastKnownFileType = file.storyboard; name = Base; path = Base.lproj/LaunchScreen.storyboard; sourceTree = "<group>"; };
		D9247EE71E2B38DB00CE3F27 /* Info.plist */ = {isa = PBXFileReference; lastKnownFileType = text.plist.xml; path = Info.plist; sourceTree = "<group>"; };
		D92B92301E2C1A9F00459B13 /* EchoTests.xctest */ = {isa = PBXFileReference; explicitFileType = wrapper.cfbundle; includeInIndex = 0; path = EchoTests.xctest; sourceTree = BUILT_PRODUCTS_DIR; };
		D92B92321E2C1A9F00459B13 /* EchoTests.swift */ = {isa = PBXFileReference; lastKnownFileType = sourcecode.swift; path = EchoTests.swift; sourceTree = "<group>"; };
		D92B92341E2C1A9F00459B13 /* Info.plist */ = {isa = PBXFileReference; lastKnownFileType = text.plist.xml; path = Info.plist; sourceTree = "<group>"; };
		D92B923A1E2C2ED200459B13 /* Lesson.swift */ = {isa = PBXFileReference; fileEncoding = 4; lastKnownFileType = sourcecode.swift; path = Lesson.swift; sourceTree = "<group>"; };
		D94345021E302FF100C4FB34 /* Word.swift */ = {isa = PBXFileReference; fileEncoding = 4; lastKnownFileType = sourcecode.swift; path = Word.swift; sourceTree = "<group>"; };
		D94345041E30311800C4FB34 /* Audio.swift */ = {isa = PBXFileReference; fileEncoding = 4; lastKnownFileType = sourcecode.swift; path = Audio.swift; sourceTree = "<group>"; };
		D99FEFC91E61259E00D1C663 /* Ready to record.m4a */ = {isa = PBXFileReference; lastKnownFileType = file; path = "Ready to record.m4a"; sourceTree = "<group>"; };
		D99FEFCB1E61262200D1C663 /* Record failed.m4a */ = {isa = PBXFileReference; lastKnownFileType = file; path = "Record failed.m4a"; sourceTree = "<group>"; };
		DE023B61B07111C4DC13015B /* Pods-Echo.release.xcconfig */ = {isa = PBXFileReference; includeInIndex = 1; lastKnownFileType = text.xcconfig; name = "Pods-Echo.release.xcconfig"; path = "Pods/Target Support Files/Pods-Echo/Pods-Echo.release.xcconfig"; sourceTree = "<group>"; };
/* End PBXFileReference section */

/* Begin PBXFrameworksBuildPhase section */
		D9247ED51E2B38DB00CE3F27 /* Frameworks */ = {
			isa = PBXFrameworksBuildPhase;
			buildActionMask = 2147483647;
			files = (
				D919AE851E2C170600728F9F /* MessageUI.framework in Frameworks */,
				D919AE811E2BF0D200728F9F /* AVFoundation.framework in Frameworks */,
				C2FEDBFF25C012146D69B653 /* Pods_Echo.framework in Frameworks */,
			);
			runOnlyForDeploymentPostprocessing = 0;
		};
		D92B922D1E2C1A9F00459B13 /* Frameworks */ = {
			isa = PBXFrameworksBuildPhase;
			buildActionMask = 2147483647;
			files = (
			);
			runOnlyForDeploymentPostprocessing = 0;
		};
/* End PBXFrameworksBuildPhase section */

/* Begin PBXGroup section */
		438AC2FA73B9DEE40DFD0889 /* Pods */ = {
			isa = PBXGroup;
			children = (
				A40C3169C254DC060CB15BEE /* Pods-Echo.debug.xcconfig */,
				DE023B61B07111C4DC13015B /* Pods-Echo.release.xcconfig */,
			);
			name = Pods;
			sourceTree = "<group>";
		};
		D919AE7E1E2BCB2700728F9F /* Models */ = {
			isa = PBXGroup;
			children = (
				D919AE7C1E2BCB1800728F9F /* Achievement.swift */,
				D919AE821E2C063A00728F9F /* Languages.swift */,
				D919AE861E2C1A0E00728F9F /* NetworkManager.swift */,
				D922A3061E2C843100C1AB83 /* LessonLibrary.swift */,
				D92B923A1E2C2ED200459B13 /* Lesson.swift */,
				D94345021E302FF100C4FB34 /* Word.swift */,
				D94345041E30311800C4FB34 /* Audio.swift */,
			);
			name = Models;
			sourceTree = "<group>";
		};
		D919AE7F1E2BF0D200728F9F /* Frameworks */ = {
			isa = PBXGroup;
			children = (
				D919AE841E2C170500728F9F /* MessageUI.framework */,
				D919AE801E2BF0D200728F9F /* AVFoundation.framework */,
				5FDBDB361D9A6798D4CA94CA /* Pods_Echo.framework */,
			);
			name = Frameworks;
			sourceTree = "<group>";
		};
		D9247ECF1E2B38DB00CE3F27 = {
			isa = PBXGroup;
			children = (
				D9247EDA1E2B38DB00CE3F27 /* Echo */,
				D92B92311E2C1A9F00459B13 /* EchoTests */,
				D9247ED91E2B38DB00CE3F27 /* Products */,
				D919AE7F1E2BF0D200728F9F /* Frameworks */,
				438AC2FA73B9DEE40DFD0889 /* Pods */,
			);
			sourceTree = "<group>";
		};
		D9247ED91E2B38DB00CE3F27 /* Products */ = {
			isa = PBXGroup;
			children = (
				D9247ED81E2B38DB00CE3F27 /* Echo.app */,
				D92B92301E2C1A9F00459B13 /* EchoTests.xctest */,
			);
			name = Products;
			sourceTree = "<group>";
		};
		D9247EDA1E2B38DB00CE3F27 /* Echo */ = {
			isa = PBXGroup;
			children = (
				D9247EDB1E2B38DB00CE3F27 /* AppDelegate.swift */,
				D9247EDD1E2B38DB00CE3F27 /* ViewController.swift */,
				D9247EDF1E2B38DB00CE3F27 /* Main.storyboard */,
				D919AE7E1E2BCB2700728F9F /* Models */,
				D919AE7A1E2BCAD300728F9F /* AchievementsViewController.swift */,
				D919AE6E1E2BC96600728F9F /* MainViewController.swift */,
				D919AE721E2BC9BD00728F9F /* DownloadViewController.swift */,
				D919AE741E2BC9D100728F9F /* LanguageViewController.swift */,
				D919AE761E2BC9E800728F9F /* LessonViewController.swift */,
				D919AE781E2BCA0900728F9F /* PracticeViewController.swift */,
				D9247EE21E2B38DB00CE3F27 /* Assets.xcassets */,
				D99FEFC91E61259E00D1C663 /* Ready to record.m4a */,
				D99FEFCB1E61262200D1C663 /* Record failed.m4a */,
				D9247EE41E2B38DB00CE3F27 /* LaunchScreen.storyboard */,
				D9247EE71E2B38DB00CE3F27 /* Info.plist */,
			);
			path = Echo;
			sourceTree = "<group>";
		};
		D92B92311E2C1A9F00459B13 /* EchoTests */ = {
			isa = PBXGroup;
			children = (
				D92B92321E2C1A9F00459B13 /* EchoTests.swift */,
				D92B92341E2C1A9F00459B13 /* Info.plist */,
			);
			path = EchoTests;
			sourceTree = "<group>";
		};
/* End PBXGroup section */

/* Begin PBXNativeTarget section */
		D9247ED71E2B38DB00CE3F27 /* Echo */ = {
			isa = PBXNativeTarget;
			buildConfigurationList = D9247EEA1E2B38DB00CE3F27 /* Build configuration list for PBXNativeTarget "Echo" */;
			buildPhases = (
				FF34BECE39653452CFD3B69D /* [CP] Check Pods Manifest.lock */,
				D9247ED41E2B38DB00CE3F27 /* Sources */,
				D9247ED51E2B38DB00CE3F27 /* Frameworks */,
				D9247ED61E2B38DB00CE3F27 /* Resources */,
				D41BF4D42E6220284803F4FE /* [CP] Embed Pods Frameworks */,
			);
			buildRules = (
			);
			dependencies = (
			);
			name = Echo;
			productName = Echo;
			productReference = D9247ED81E2B38DB00CE3F27 /* Echo.app */;
			productType = "com.apple.product-type.application";
		};
		D92B922F1E2C1A9F00459B13 /* EchoTests */ = {
			isa = PBXNativeTarget;
			buildConfigurationList = D92B92391E2C1A9F00459B13 /* Build configuration list for PBXNativeTarget "EchoTests" */;
			buildPhases = (
				D92B922C1E2C1A9F00459B13 /* Sources */,
				D92B922D1E2C1A9F00459B13 /* Frameworks */,
				D92B922E1E2C1A9F00459B13 /* Resources */,
			);
			buildRules = (
			);
			dependencies = (
				D92B92361E2C1A9F00459B13 /* PBXTargetDependency */,
			);
			name = EchoTests;
			productName = EchoTests;
			productReference = D92B92301E2C1A9F00459B13 /* EchoTests.xctest */;
			productType = "com.apple.product-type.bundle.unit-test";
		};
/* End PBXNativeTarget section */

/* Begin PBXProject section */
		D9247ED01E2B38DB00CE3F27 /* Project object */ = {
			isa = PBXProject;
			attributes = {
				LastSwiftUpdateCheck = 0820;
				LastUpgradeCheck = 1120;
				ORGANIZATIONNAME = "William Entriken";
				TargetAttributes = {
					D9247ED71E2B38DB00CE3F27 = {
						CreatedOnToolsVersion = 8.2.1;
						DevelopmentTeam = 8Q693ZG5RN;
						LastSwiftMigration = 1010;
						ProvisioningStyle = Automatic;
					};
					D92B922F1E2C1A9F00459B13 = {
						CreatedOnToolsVersion = 8.2.1;
						DevelopmentTeam = 8Q693ZG5RN;
						ProvisioningStyle = Automatic;
						TestTargetID = D9247ED71E2B38DB00CE3F27;
					};
				};
			};
			buildConfigurationList = D9247ED31E2B38DB00CE3F27 /* Build configuration list for PBXProject "Echo" */;
			compatibilityVersion = "Xcode 3.2";
			developmentRegion = en;
			hasScannedForEncodings = 0;
			knownRegions = (
				en,
				Base,
			);
			mainGroup = D9247ECF1E2B38DB00CE3F27;
			productRefGroup = D9247ED91E2B38DB00CE3F27 /* Products */;
			projectDirPath = "";
			projectRoot = "";
			targets = (
				D9247ED71E2B38DB00CE3F27 /* Echo */,
				D92B922F1E2C1A9F00459B13 /* EchoTests */,
			);
		};
/* End PBXProject section */

/* Begin PBXResourcesBuildPhase section */
		D9247ED61E2B38DB00CE3F27 /* Resources */ = {
			isa = PBXResourcesBuildPhase;
			buildActionMask = 2147483647;
			files = (
				D9247EE61E2B38DB00CE3F27 /* LaunchScreen.storyboard in Resources */,
				D9247EE31E2B38DB00CE3F27 /* Assets.xcassets in Resources */,
				D99FEFCA1E61259E00D1C663 /* Ready to record.m4a in Resources */,
				D9247EE11E2B38DB00CE3F27 /* Main.storyboard in Resources */,
				D99FEFCC1E61262200D1C663 /* Record failed.m4a in Resources */,
			);
			runOnlyForDeploymentPostprocessing = 0;
		};
		D92B922E1E2C1A9F00459B13 /* Resources */ = {
			isa = PBXResourcesBuildPhase;
			buildActionMask = 2147483647;
			files = (
			);
			runOnlyForDeploymentPostprocessing = 0;
		};
/* End PBXResourcesBuildPhase section */

/* Begin PBXShellScriptBuildPhase section */
		D41BF4D42E6220284803F4FE /* [CP] Embed Pods Frameworks */ = {
			isa = PBXShellScriptBuildPhase;
			buildActionMask = 2147483647;
			files = (
			);
			inputPaths = (
				"${PODS_ROOT}/Target Support Files/Pods-Echo/Pods-Echo-frameworks.sh",
				"${BUILT_PRODUCTS_DIR}/Alamofire/Alamofire.framework",
				"${BUILT_PRODUCTS_DIR}/FDSoundActivatedRecorder/FDSoundActivatedRecorder.framework",
				"${BUILT_PRODUCTS_DIR}/FDWaveformView/FDWaveformView.framework",
				"${BUILT_PRODUCTS_DIR}/MBProgressHUD/MBProgressHUD.framework",
				"${BUILT_PRODUCTS_DIR}/TDBadgedCell/TDBadgedCell.framework",
				"${BUILT_PRODUCTS_DIR}/YTBarButtonItemWithBadge/YTBarButtonItemWithBadge.framework",
			);
			name = "[CP] Embed Pods Frameworks";
			outputPaths = (
				"${TARGET_BUILD_DIR}/${FRAMEWORKS_FOLDER_PATH}/Alamofire.framework",
				"${TARGET_BUILD_DIR}/${FRAMEWORKS_FOLDER_PATH}/FDSoundActivatedRecorder.framework",
				"${TARGET_BUILD_DIR}/${FRAMEWORKS_FOLDER_PATH}/FDWaveformView.framework",
				"${TARGET_BUILD_DIR}/${FRAMEWORKS_FOLDER_PATH}/MBProgressHUD.framework",
				"${TARGET_BUILD_DIR}/${FRAMEWORKS_FOLDER_PATH}/TDBadgedCell.framework",
				"${TARGET_BUILD_DIR}/${FRAMEWORKS_FOLDER_PATH}/YTBarButtonItemWithBadge.framework",
			);
			runOnlyForDeploymentPostprocessing = 0;
			shellPath = /bin/sh;
			shellScript = "\"${PODS_ROOT}/Target Support Files/Pods-Echo/Pods-Echo-frameworks.sh\"\n";
			showEnvVarsInLog = 0;
		};
		FF34BECE39653452CFD3B69D /* [CP] Check Pods Manifest.lock */ = {
			isa = PBXShellScriptBuildPhase;
			buildActionMask = 2147483647;
			files = (
			);
			inputPaths = (
				"${PODS_PODFILE_DIR_PATH}/Podfile.lock",
				"${PODS_ROOT}/Manifest.lock",
			);
			name = "[CP] Check Pods Manifest.lock";
			outputPaths = (
				"$(DERIVED_FILE_DIR)/Pods-Echo-checkManifestLockResult.txt",
			);
			runOnlyForDeploymentPostprocessing = 0;
			shellPath = /bin/sh;
			shellScript = "diff \"${PODS_PODFILE_DIR_PATH}/Podfile.lock\" \"${PODS_ROOT}/Manifest.lock\" > /dev/null\nif [ $? != 0 ] ; then\n    # print error to STDERR\n    echo \"error: The sandbox is not in sync with the Podfile.lock. Run 'pod install' or update your CocoaPods installation.\" >&2\n    exit 1\nfi\n# This output is used by Xcode 'outputs' to avoid re-running this script phase.\necho \"SUCCESS\" > \"${SCRIPT_OUTPUT_FILE_0}\"\n";
			showEnvVarsInLog = 0;
		};
/* End PBXShellScriptBuildPhase section */

/* Begin PBXSourcesBuildPhase section */
		D9247ED41E2B38DB00CE3F27 /* Sources */ = {
			isa = PBXSourcesBuildPhase;
			buildActionMask = 2147483647;
			files = (
				D919AE771E2BC9E800728F9F /* LessonViewController.swift in Sources */,
				D94345031E302FF100C4FB34 /* Word.swift in Sources */,
				D919AE791E2BCA0900728F9F /* PracticeViewController.swift in Sources */,
				D919AE6F1E2BC96600728F9F /* MainViewController.swift in Sources */,
				D92B923B1E2C2ED300459B13 /* Lesson.swift in Sources */,
				D9247EDE1E2B38DB00CE3F27 /* ViewController.swift in Sources */,
				D919AE871E2C1A0E00728F9F /* NetworkManager.swift in Sources */,
				D919AE7B1E2BCAD300728F9F /* AchievementsViewController.swift in Sources */,
				D919AE751E2BC9D100728F9F /* LanguageViewController.swift in Sources */,
				D94345051E30311800C4FB34 /* Audio.swift in Sources */,
				D919AE731E2BC9BD00728F9F /* DownloadViewController.swift in Sources */,
				D9247EDC1E2B38DB00CE3F27 /* AppDelegate.swift in Sources */,
				D922A3071E2C843100C1AB83 /* LessonLibrary.swift in Sources */,
				D919AE7D1E2BCB1800728F9F /* Achievement.swift in Sources */,
				D919AE831E2C063A00728F9F /* Languages.swift in Sources */,
			);
			runOnlyForDeploymentPostprocessing = 0;
		};
		D92B922C1E2C1A9F00459B13 /* Sources */ = {
			isa = PBXSourcesBuildPhase;
			buildActionMask = 2147483647;
			files = (
				D92B92331E2C1A9F00459B13 /* EchoTests.swift in Sources */,
			);
			runOnlyForDeploymentPostprocessing = 0;
		};
/* End PBXSourcesBuildPhase section */

/* Begin PBXTargetDependency section */
		D92B92361E2C1A9F00459B13 /* PBXTargetDependency */ = {
			isa = PBXTargetDependency;
			target = D9247ED71E2B38DB00CE3F27 /* Echo */;
			targetProxy = D92B92351E2C1A9F00459B13 /* PBXContainerItemProxy */;
		};
/* End PBXTargetDependency section */

/* Begin PBXVariantGroup section */
		D9247EDF1E2B38DB00CE3F27 /* Main.storyboard */ = {
			isa = PBXVariantGroup;
			children = (
				D9247EE01E2B38DB00CE3F27 /* Base */,
			);
			name = Main.storyboard;
			sourceTree = "<group>";
		};
		D9247EE41E2B38DB00CE3F27 /* LaunchScreen.storyboard */ = {
			isa = PBXVariantGroup;
			children = (
				D9247EE51E2B38DB00CE3F27 /* Base */,
			);
			name = LaunchScreen.storyboard;
			sourceTree = "<group>";
		};
/* End PBXVariantGroup section */

/* Begin XCBuildConfiguration section */
		D9247EE81E2B38DB00CE3F27 /* Debug */ = {
			isa = XCBuildConfiguration;
			buildSettings = {
				ALWAYS_SEARCH_USER_PATHS = NO;
				CLANG_ANALYZER_LOCALIZABILITY_NONLOCALIZED = YES;
				CLANG_ANALYZER_NONNULL = YES;
				CLANG_CXX_LANGUAGE_STANDARD = "gnu++0x";
				CLANG_CXX_LIBRARY = "libc++";
				CLANG_ENABLE_MODULES = YES;
				CLANG_ENABLE_OBJC_ARC = YES;
				CLANG_WARN_BLOCK_CAPTURE_AUTORELEASING = YES;
				CLANG_WARN_BOOL_CONVERSION = YES;
				CLANG_WARN_COMMA = YES;
				CLANG_WARN_CONSTANT_CONVERSION = YES;
				CLANG_WARN_DEPRECATED_OBJC_IMPLEMENTATIONS = YES;
				CLANG_WARN_DIRECT_OBJC_ISA_USAGE = YES_ERROR;
				CLANG_WARN_DOCUMENTATION_COMMENTS = YES;
				CLANG_WARN_EMPTY_BODY = YES;
				CLANG_WARN_ENUM_CONVERSION = YES;
				CLANG_WARN_INFINITE_RECURSION = YES;
				CLANG_WARN_INT_CONVERSION = YES;
				CLANG_WARN_NON_LITERAL_NULL_CONVERSION = YES;
				CLANG_WARN_OBJC_IMPLICIT_RETAIN_SELF = YES;
				CLANG_WARN_OBJC_LITERAL_CONVERSION = YES;
				CLANG_WARN_OBJC_ROOT_CLASS = YES_ERROR;
				CLANG_WARN_RANGE_LOOP_ANALYSIS = YES;
				CLANG_WARN_STRICT_PROTOTYPES = YES;
				CLANG_WARN_SUSPICIOUS_MOVE = YES;
				CLANG_WARN_UNREACHABLE_CODE = YES;
				CLANG_WARN__DUPLICATE_METHOD_MATCH = YES;
				"CODE_SIGN_IDENTITY[sdk=iphoneos*]" = "iPhone Developer";
				COPY_PHASE_STRIP = NO;
				DEBUG_INFORMATION_FORMAT = dwarf;
				ENABLE_STRICT_OBJC_MSGSEND = YES;
				ENABLE_TESTABILITY = YES;
				GCC_C_LANGUAGE_STANDARD = gnu99;
				GCC_DYNAMIC_NO_PIC = NO;
				GCC_NO_COMMON_BLOCKS = YES;
				GCC_OPTIMIZATION_LEVEL = 0;
				GCC_PREPROCESSOR_DEFINITIONS = (
					"DEBUG=1",
					"$(inherited)",
				);
				GCC_WARN_64_TO_32_BIT_CONVERSION = YES;
				GCC_WARN_ABOUT_RETURN_TYPE = YES_ERROR;
				GCC_WARN_UNDECLARED_SELECTOR = YES;
				GCC_WARN_UNINITIALIZED_AUTOS = YES_AGGRESSIVE;
				GCC_WARN_UNUSED_FUNCTION = YES;
				GCC_WARN_UNUSED_VARIABLE = YES;
				IPHONEOS_DEPLOYMENT_TARGET = 10.2;
				MTL_ENABLE_DEBUG_INFO = YES;
				ONLY_ACTIVE_ARCH = YES;
				SDKROOT = iphoneos;
				SWIFT_ACTIVE_COMPILATION_CONDITIONS = DEBUG;
				SWIFT_OPTIMIZATION_LEVEL = "-Onone";
				TARGETED_DEVICE_FAMILY = "1,2";
			};
			name = Debug;
		};
		D9247EE91E2B38DB00CE3F27 /* Release */ = {
			isa = XCBuildConfiguration;
			buildSettings = {
				ALWAYS_SEARCH_USER_PATHS = NO;
				CLANG_ANALYZER_LOCALIZABILITY_NONLOCALIZED = YES;
				CLANG_ANALYZER_NONNULL = YES;
				CLANG_CXX_LANGUAGE_STANDARD = "gnu++0x";
				CLANG_CXX_LIBRARY = "libc++";
				CLANG_ENABLE_MODULES = YES;
				CLANG_ENABLE_OBJC_ARC = YES;
				CLANG_WARN_BLOCK_CAPTURE_AUTORELEASING = YES;
				CLANG_WARN_BOOL_CONVERSION = YES;
				CLANG_WARN_COMMA = YES;
				CLANG_WARN_CONSTANT_CONVERSION = YES;
				CLANG_WARN_DEPRECATED_OBJC_IMPLEMENTATIONS = YES;
				CLANG_WARN_DIRECT_OBJC_ISA_USAGE = YES_ERROR;
				CLANG_WARN_DOCUMENTATION_COMMENTS = YES;
				CLANG_WARN_EMPTY_BODY = YES;
				CLANG_WARN_ENUM_CONVERSION = YES;
				CLANG_WARN_INFINITE_RECURSION = YES;
				CLANG_WARN_INT_CONVERSION = YES;
				CLANG_WARN_NON_LITERAL_NULL_CONVERSION = YES;
				CLANG_WARN_OBJC_IMPLICIT_RETAIN_SELF = YES;
				CLANG_WARN_OBJC_LITERAL_CONVERSION = YES;
				CLANG_WARN_OBJC_ROOT_CLASS = YES_ERROR;
				CLANG_WARN_RANGE_LOOP_ANALYSIS = YES;
				CLANG_WARN_STRICT_PROTOTYPES = YES;
				CLANG_WARN_SUSPICIOUS_MOVE = YES;
				CLANG_WARN_UNREACHABLE_CODE = YES;
				CLANG_WARN__DUPLICATE_METHOD_MATCH = YES;
				"CODE_SIGN_IDENTITY[sdk=iphoneos*]" = "iPhone Developer";
				COPY_PHASE_STRIP = NO;
				DEBUG_INFORMATION_FORMAT = "dwarf-with-dsym";
				ENABLE_NS_ASSERTIONS = NO;
				ENABLE_STRICT_OBJC_MSGSEND = YES;
				GCC_C_LANGUAGE_STANDARD = gnu99;
				GCC_NO_COMMON_BLOCKS = YES;
				GCC_WARN_64_TO_32_BIT_CONVERSION = YES;
				GCC_WARN_ABOUT_RETURN_TYPE = YES_ERROR;
				GCC_WARN_UNDECLARED_SELECTOR = YES;
				GCC_WARN_UNINITIALIZED_AUTOS = YES_AGGRESSIVE;
				GCC_WARN_UNUSED_FUNCTION = YES;
				GCC_WARN_UNUSED_VARIABLE = YES;
				IPHONEOS_DEPLOYMENT_TARGET = 10.2;
				MTL_ENABLE_DEBUG_INFO = NO;
				SDKROOT = iphoneos;
				SWIFT_OPTIMIZATION_LEVEL = "-Owholemodule";
				TARGETED_DEVICE_FAMILY = "1,2";
				VALIDATE_PRODUCT = YES;
			};
			name = Release;
		};
		D9247EEB1E2B38DB00CE3F27 /* Debug */ = {
			isa = XCBuildConfiguration;
			baseConfigurationReference = A40C3169C254DC060CB15BEE /* Pods-Echo.debug.xcconfig */;
			buildSettings = {
				ASSETCATALOG_COMPILER_APPICON_NAME = AppIcon;
				DEVELOPMENT_TEAM = 8Q693ZG5RN;
				INFOPLIST_FILE = Echo/Info.plist;
				IPHONEOS_DEPLOYMENT_TARGET = 10.2;
				LD_RUNPATH_SEARCH_PATHS = "$(inherited) @executable_path/Frameworks";
				PRODUCT_BUNDLE_IDENTIFIER = net.phor.Echo;
				PRODUCT_NAME = "$(TARGET_NAME)";
				SWIFT_VERSION = 4.2;
			};
			name = Debug;
		};
		D9247EEC1E2B38DB00CE3F27 /* Release */ = {
			isa = XCBuildConfiguration;
			baseConfigurationReference = DE023B61B07111C4DC13015B /* Pods-Echo.release.xcconfig */;
			buildSettings = {
				ASSETCATALOG_COMPILER_APPICON_NAME = AppIcon;
				DEVELOPMENT_TEAM = 8Q693ZG5RN;
				INFOPLIST_FILE = Echo/Info.plist;
				IPHONEOS_DEPLOYMENT_TARGET = 10.2;
				LD_RUNPATH_SEARCH_PATHS = "$(inherited) @executable_path/Frameworks";
				PRODUCT_BUNDLE_IDENTIFIER = net.phor.Echo;
				PRODUCT_NAME = "$(TARGET_NAME)";
				SWIFT_VERSION = 4.2;
			};
			name = Release;
		};
		D92B92371E2C1A9F00459B13 /* Debug */ = {
			isa = XCBuildConfiguration;
			buildSettings = {
				BUNDLE_LOADER = "$(TEST_HOST)";
				DEVELOPMENT_TEAM = 8Q693ZG5RN;
				INFOPLIST_FILE = EchoTests/Info.plist;
				LD_RUNPATH_SEARCH_PATHS = "$(inherited) @executable_path/Frameworks @loader_path/Frameworks";
				PRODUCT_BUNDLE_IDENTIFIER = net.phor.EchoTests;
				PRODUCT_NAME = "$(TARGET_NAME)";
				SWIFT_VERSION = 3.0;
				TEST_HOST = "$(BUILT_PRODUCTS_DIR)/Echo.app/Echo";
			};
			name = Debug;
		};
		D92B92381E2C1A9F00459B13 /* Release */ = {
			isa = XCBuildConfiguration;
			buildSettings = {
				BUNDLE_LOADER = "$(TEST_HOST)";
				DEVELOPMENT_TEAM = 8Q693ZG5RN;
				INFOPLIST_FILE = EchoTests/Info.plist;
				LD_RUNPATH_SEARCH_PATHS = "$(inherited) @executable_path/Frameworks @loader_path/Frameworks";
				PRODUCT_BUNDLE_IDENTIFIER = net.phor.EchoTests;
				PRODUCT_NAME = "$(TARGET_NAME)";
				SWIFT_VERSION = 3.0;
				TEST_HOST = "$(BUILT_PRODUCTS_DIR)/Echo.app/Echo";
			};
			name = Release;
		};
/* End XCBuildConfiguration section */

/* Begin XCConfigurationList section */
		D9247ED31E2B38DB00CE3F27 /* Build configuration list for PBXProject "Echo" */ = {
			isa = XCConfigurationList;
			buildConfigurations = (
				D9247EE81E2B38DB00CE3F27 /* Debug */,
				D9247EE91E2B38DB00CE3F27 /* Release */,
			);
			defaultConfigurationIsVisible = 0;
			defaultConfigurationName = Release;
		};
		D9247EEA1E2B38DB00CE3F27 /* Build configuration list for PBXNativeTarget "Echo" */ = {
			isa = XCConfigurationList;
			buildConfigurations = (
				D9247EEB1E2B38DB00CE3F27 /* Debug */,
				D9247EEC1E2B38DB00CE3F27 /* Release */,
			);
			defaultConfigurationIsVisible = 0;
			defaultConfigurationName = Release;
		};
		D92B92391E2C1A9F00459B13 /* Build configuration list for PBXNativeTarget "EchoTests" */ = {
			isa = XCConfigurationList;
			buildConfigurations = (
				D92B92371E2C1A9F00459B13 /* Debug */,
				D92B92381E2C1A9F00459B13 /* Release */,
			);
			defaultConfigurationIsVisible = 0;
			defaultConfigurationName = Release;
		};
/* End XCConfigurationList section */
	};
	rootObject = D9247ED01E2B38DB00CE3F27 /* Project object */;
}
