{
  "pins" : [
    {
      "identity" : "alamofire",
      "kind" : "remoteSourceControl",
      "location" : "https://github.com/Alamofire/Alamofire.git",
      "state" : {
        "revision" : "747c8db8d57b68d5e35275f10c92d55f982adbd4",
        "version" : "4.9.1"
      }
    },
    {
      "identity" : "fdsoundactivatedrecorder",
      "kind" : "remoteSourceControl",
      "location" : "https://github.com/fulldecent/FDSoundActivatedRecorder.git",
      "state" : {
        "revision" : "ff674a5d8fe5c48b87d4739badcecbec7d50ad68",
        "version" : "3.2.1"
      }
    },
    {
      "identity" : "fdwaveformview",
      "kind" : "remoteSourceControl",
      "location" : "https://github.com/fulldecent/FDWaveformView.git",
      "state" : {
        "branch" : "master",
        "revision" : "b26a57aa95a708c29a59812acb37129b09f83c87"
      }
    },
    {
      "identity" : "mbprogresshud",
      "kind" : "remoteSourceControl",
      "location" : "https://github.com/jdg/MBProgressHUD.git",
      "state" : {
        "revision" : "bca42b801100b2b3a4eda0ba8dd33d858c780b0d",
        "version" : "1.2.0"
      }
    },
    {
      "identity" : "ytbarbuttonitemwithbadge",
      "kind" : "remoteSourceControl",
      "location" : "https://github.com/fulldecent/YTBarButtonItemWithBadge.git",
      "state" : {
        "revision" : "fb96b4c21631a2214b6f6e2eb9c39763100cb989",
        "version" : "0.1.1"
      }
    }
  ],
  "version" : 2
}
